// !$*UTF8*$!
{
	archiveVersion = 1;
	classes = {
	};
	objectVersion = 56;
	objects = {

/* Begin PBXBuildFile section */
		1B0249132B94EE610045C51A /* Gender.swift in Sources */ = {isa = PBXBuildFile; fileRef = 1B0249122B94EE610045C51A /* Gender.swift */; };
		1B124E4C2B96940400E7DF41 /* CustomTextFieldStyle.swift in Sources */ = {isa = PBXBuildFile; fileRef = 1B124E4B2B96940400E7DF41 /* CustomTextFieldStyle.swift */; };
		1B124E4F2B96A4E300E7DF41 /* String+Extension.swift in Sources */ = {isa = PBXBuildFile; fileRef = 1B124E4E2B96A4E300E7DF41 /* String+Extension.swift */; };
		1B124E512B96A7BB00E7DF41 /* LoadingButtonView.swift in Sources */ = {isa = PBXBuildFile; fileRef = 1B124E502B96A7BB00E7DF41 /* LoadingButtonView.swift */; };
		1B124E542B99254F00E7DF41 /* WebService.swift in Sources */ = {isa = PBXBuildFile; fileRef = 1B124E532B99254F00E7DF41 /* WebService.swift */; };
		1B124E5A2BA0851900E7DF41 /* ErrorResponse.swift in Sources */ = {isa = PBXBuildFile; fileRef = 1B124E592BA0851900E7DF41 /* ErrorResponse.swift */; };
		1B3AD4342C0EAFBF006F632D /* HabitResponse.swift in Sources */ = {isa = PBXBuildFile; fileRef = 1B3AD4332C0EAFBF006F632D /* HabitResponse.swift */; };
		1B3AD4372C0EB2A6006F632D /* HabitRemoteDataSource.swift in Sources */ = {isa = PBXBuildFile; fileRef = 1B3AD4362C0EB2A6006F632D /* HabitRemoteDataSource.swift */; };
		1B3AD4392C0EB4DF006F632D /* HabitInteractor.swift in Sources */ = {isa = PBXBuildFile; fileRef = 1B3AD4382C0EB4DF006F632D /* HabitInteractor.swift */; };
		1B3AD43B2C0EBB7C006F632D /* Date+Extension.swift in Sources */ = {isa = PBXBuildFile; fileRef = 1B3AD43A2C0EBB7C006F632D /* Date+Extension.swift */; };
		1B4E9D4E2B96863300C2C461 /* EditTextView.swift in Sources */ = {isa = PBXBuildFile; fileRef = 1B4E9D4D2B96863300C2C461 /* EditTextView.swift */; };
		1B6FFF072B61DFB7005B00EA /* HabitApp.swift in Sources */ = {isa = PBXBuildFile; fileRef = 1B6FFF062B61DFB7005B00EA /* HabitApp.swift */; };
		1B6FFF0B2B61DFB8005B00EA /* Assets.xcassets in Resources */ = {isa = PBXBuildFile; fileRef = 1B6FFF0A2B61DFB8005B00EA /* Assets.xcassets */; };
		1B6FFF0E2B61DFB8005B00EA /* Preview Assets.xcassets in Resources */ = {isa = PBXBuildFile; fileRef = 1B6FFF0D2B61DFB8005B00EA /* Preview Assets.xcassets */; };
		1B6FFF192B61E3C1005B00EA /* SplashView.swift in Sources */ = {isa = PBXBuildFile; fileRef = 1B6FFF182B61E3C1005B00EA /* SplashView.swift */; };
		1B6FFF1B2B61E4B6005B00EA /* SplashUIState.swift in Sources */ = {isa = PBXBuildFile; fileRef = 1B6FFF1A2B61E4B6005B00EA /* SplashUIState.swift */; };
		1BB5D7682BBBA3A700C53DDE /* HabitView.swift in Sources */ = {isa = PBXBuildFile; fileRef = 1BB5D7672BBBA3A700C53DDE /* HabitView.swift */; };
		1BB5D76A2BBBA3D600C53DDE /* HabitViewModel.swift in Sources */ = {isa = PBXBuildFile; fileRef = 1BB5D7692BBBA3D600C53DDE /* HabitViewModel.swift */; };
		1BB5D76C2BBBA53900C53DDE /* HabitUIState.swift in Sources */ = {isa = PBXBuildFile; fileRef = 1BB5D76B2BBBA53900C53DDE /* HabitUIState.swift */; };
		1BB5D76F2BBC4BA900C53DDE /* ButtonStyle.swift in Sources */ = {isa = PBXBuildFile; fileRef = 1BB5D76E2BBC4BA900C53DDE /* ButtonStyle.swift */; };
		1BB5D7712BBE317600C53DDE /* HabitCardViewModel.swift in Sources */ = {isa = PBXBuildFile; fileRef = 1BB5D7702BBE317600C53DDE /* HabitCardViewModel.swift */; };
		1BB5D7732BBE327B00C53DDE /* HabitCardView.swift in Sources */ = {isa = PBXBuildFile; fileRef = 1BB5D7722BBE327B00C53DDE /* HabitCardView.swift */; };
		1BC021D42C17CB4F0099FEDC /* HabitDetailUIState.swift in Sources */ = {isa = PBXBuildFile; fileRef = 1BC021D32C17CB4F0099FEDC /* HabitDetailUIState.swift */; };
		1BC021D62C17CE920099FEDC /* HabitDetailViewModel.swift in Sources */ = {isa = PBXBuildFile; fileRef = 1BC021D52C17CE920099FEDC /* HabitDetailViewModel.swift */; };
		1BC021D82C17D05C0099FEDC /* HabitDetailView.swift in Sources */ = {isa = PBXBuildFile; fileRef = 1BC021D72C17D05C0099FEDC /* HabitDetailView.swift */; };
		1BC589EE2B8D44FB00CF01D3 /* SplashViewModel.swift in Sources */ = {isa = PBXBuildFile; fileRef = 1BC589ED2B8D44FB00CF01D3 /* SplashViewModel.swift */; };
		1BC589F82B8E734C00CF01D3 /* SplashViewRouter.swift in Sources */ = {isa = PBXBuildFile; fileRef = 1BC589F72B8E734C00CF01D3 /* SplashViewRouter.swift */; };
		1BC9B09D2C1CF0D200F87318 /* ImageView.swift in Sources */ = {isa = PBXBuildFile; fileRef = 1BC9B09C2C1CF0D200F87318 /* ImageView.swift */; };
		1BCAF5982C1912320004F45D /* HabitCardViewRouter.swift in Sources */ = {isa = PBXBuildFile; fileRef = 1BCAF5972C1912320004F45D /* HabitCardViewRouter.swift */; };
		1BCAF59A2C191C7D0004F45D /* HabitValueRequest.swift in Sources */ = {isa = PBXBuildFile; fileRef = 1BCAF5992C191C7D0004F45D /* HabitValueRequest.swift */; };
		1BCAF59D2C191CCA0004F45D /* HabitDetailRemoteDataSource.swift in Sources */ = {isa = PBXBuildFile; fileRef = 1BCAF59C2C191CCA0004F45D /* HabitDetailRemoteDataSource.swift */; };
		1BCAF59F2C191F1F0004F45D /* HabitDetailInteractor.swift in Sources */ = {isa = PBXBuildFile; fileRef = 1BCAF59E2C191F1F0004F45D /* HabitDetailInteractor.swift */; };
		1BE199772BB3AF5700E387A0 /* AppError.swift in Sources */ = {isa = PBXBuildFile; fileRef = 1BE199762BB3AF5700E387A0 /* AppError.swift */; };
		1BE1997E2BB7240100E387A0 /* UserAuth.swift in Sources */ = {isa = PBXBuildFile; fileRef = 1BE1997D2BB7240100E387A0 /* UserAuth.swift */; };
		1BE199802BB7253600E387A0 /* LocalDataSource.swift in Sources */ = {isa = PBXBuildFile; fileRef = 1BE1997F2BB7253600E387A0 /* LocalDataSource.swift */; };
		1BE199832BB8768800E387A0 /* SplashInteractor.swift in Sources */ = {isa = PBXBuildFile; fileRef = 1BE199822BB8768800E387A0 /* SplashInteractor.swift */; };
		1BE199852BB8B7A600E387A0 /* RefreshRequest.swift in Sources */ = {isa = PBXBuildFile; fileRef = 1BE199842BB8B7A600E387A0 /* RefreshRequest.swift */; };
		1BE199872BB8BC5200E387A0 /* SplashRemoteDataSource.swift in Sources */ = {isa = PBXBuildFile; fileRef = 1BE199862BB8BC5200E387A0 /* SplashRemoteDataSource.swift */; };
		1BE8A4452CB6208200E04688 /* ProfileUIState.swift in Sources */ = {isa = PBXBuildFile; fileRef = 1BE8A43C2CB6208200E04688 /* ProfileUIState.swift */; };
		1BE8A4462CB6208200E04688 /* ProfileViewModel.swift in Sources */ = {isa = PBXBuildFile; fileRef = 1BE8A4422CB6208200E04688 /* ProfileViewModel.swift */; };
		1BE8A4472CB6208200E04688 /* ProfileInteractor.swift in Sources */ = {isa = PBXBuildFile; fileRef = 1BE8A4382CB6208200E04688 /* ProfileInteractor.swift */; };
		1BE8A4482CB6208200E04688 /* ProfileRemoteDataSource.swift in Sources */ = {isa = PBXBuildFile; fileRef = 1BE8A4392CB6208200E04688 /* ProfileRemoteDataSource.swift */; };
		1BE8A44A2CB6208200E04688 /* ProfileResponse.swift in Sources */ = {isa = PBXBuildFile; fileRef = 1BE8A43B2CB6208200E04688 /* ProfileResponse.swift */; };
		1BE8A44B2CB6208200E04688 /* GenderSelectorView.swift in Sources */ = {isa = PBXBuildFile; fileRef = 1BE8A43E2CB6208200E04688 /* GenderSelectorView.swift */; };
		1BE8A45E2CB6232300E04688 /* HomeViewRouter.swift in Sources */ = {isa = PBXBuildFile; fileRef = 1BE8A45B2CB6232300E04688 /* HomeViewRouter.swift */; };
		1BE8A45F2CB6232300E04688 /* HomeView.swift in Sources */ = {isa = PBXBuildFile; fileRef = 1BE8A4582CB6232300E04688 /* HomeView.swift */; };
		1BE8A4602CB6232300E04688 /* HomeViewModel.swift in Sources */ = {isa = PBXBuildFile; fileRef = 1BE8A45A2CB6232300E04688 /* HomeViewModel.swift */; };
		1BFC1D102CB6255500E0BF52 /* SignInRemoteDataSource.swift in Sources */ = {isa = PBXBuildFile; fileRef = 1BFC1CF62CB6255500E0BF52 /* SignInRemoteDataSource.swift */; };
		1BFC1D112CB6255500E0BF52 /* SignInViewRouter.swift in Sources */ = {isa = PBXBuildFile; fileRef = 1BFC1D002CB6255500E0BF52 /* SignInViewRouter.swift */; };
		1BFC1D122CB6255500E0BF52 /* SignInErrorResponse.swift in Sources */ = {isa = PBXBuildFile; fileRef = 1BFC1CF82CB6255500E0BF52 /* SignInErrorResponse.swift */; };
		1BFC1D132CB6255500E0BF52 /* SignUpRequest.swift in Sources */ = {isa = PBXBuildFile; fileRef = 1BFC1D062CB6255500E0BF52 /* SignUpRequest.swift */; };
		1BFC1D142CB6255500E0BF52 /* SignInView.swift in Sources */ = {isa = PBXBuildFile; fileRef = 1BFC1CFD2CB6255500E0BF52 /* SignInView.swift */; };
		1BFC1D152CB6255500E0BF52 /* SignUpInteractor.swift in Sources */ = {isa = PBXBuildFile; fileRef = 1BFC1D032CB6255500E0BF52 /* SignUpInteractor.swift */; };
		1BFC1D162CB6255500E0BF52 /* SignInInteractor.swift in Sources */ = {isa = PBXBuildFile; fileRef = 1BFC1CF52CB6255500E0BF52 /* SignInInteractor.swift */; };
		1BFC1D172CB6255500E0BF52 /* SignUpViewModel.swift in Sources */ = {isa = PBXBuildFile; fileRef = 1BFC1D0C2CB6255500E0BF52 /* SignUpViewModel.swift */; };
		1BFC1D182CB6255500E0BF52 /* SignUpViewRouter.swift in Sources */ = {isa = PBXBuildFile; fileRef = 1BFC1D0D2CB6255500E0BF52 /* SignUpViewRouter.swift */; };
		1BFC1D192CB6255500E0BF52 /* SignInResponse.swift in Sources */ = {isa = PBXBuildFile; fileRef = 1BFC1CFA2CB6255500E0BF52 /* SignInResponse.swift */; };
		1BFC1D1A2CB6255500E0BF52 /* SignUpView.swift in Sources */ = {isa = PBXBuildFile; fileRef = 1BFC1D0A2CB6255500E0BF52 /* SignUpView.swift */; };
		1BFC1D1B2CB6255500E0BF52 /* SignUpRemoteDataSource.swift in Sources */ = {isa = PBXBuildFile; fileRef = 1BFC1D042CB6255500E0BF52 /* SignUpRemoteDataSource.swift */; };
		1BFC1D1C2CB6255500E0BF52 /* SignUpUIState.swift in Sources */ = {isa = PBXBuildFile; fileRef = 1BFC1D082CB6255500E0BF52 /* SignUpUIState.swift */; };
		1BFC1D1D2CB6255500E0BF52 /* SignInUIState.swift in Sources */ = {isa = PBXBuildFile; fileRef = 1BFC1CFB2CB6255500E0BF52 /* SignInUIState.swift */; };
		1BFC1D1E2CB6255500E0BF52 /* SignUpResponse.swift in Sources */ = {isa = PBXBuildFile; fileRef = 1BFC1D072CB6255500E0BF52 /* SignUpResponse.swift */; };
		1BFC1D1F2CB6255500E0BF52 /* SignInViewModel.swift in Sources */ = {isa = PBXBuildFile; fileRef = 1BFC1CFF2CB6255500E0BF52 /* SignInViewModel.swift */; };
		1BFC1D202CB6255500E0BF52 /* SignInRequest.swift in Sources */ = {isa = PBXBuildFile; fileRef = 1BFC1CF92CB6255500E0BF52 /* SignInRequest.swift */; };
		1BFC1D222CB6260300E0BF52 /* ProfileView.swift in Sources */ = {isa = PBXBuildFile; fileRef = 1BFC1D212CB6260300E0BF52 /* ProfileView.swift */; };
		1BFC1D242CB697C400E0BF52 /* ProfileRequest.swift in Sources */ = {isa = PBXBuildFile; fileRef = 1BFC1D232CB697C400E0BF52 /* ProfileRequest.swift */; };
/* End PBXBuildFile section */

/* Begin PBXFileReference section */
		1B0249122B94EE610045C51A /* Gender.swift */ = {isa = PBXFileReference; lastKnownFileType = sourcecode.swift; path = Gender.swift; sourceTree = "<group>"; };
		1B124E4B2B96940400E7DF41 /* CustomTextFieldStyle.swift */ = {isa = PBXFileReference; lastKnownFileType = sourcecode.swift; path = CustomTextFieldStyle.swift; sourceTree = "<group>"; };
		1B124E4E2B96A4E300E7DF41 /* String+Extension.swift */ = {isa = PBXFileReference; lastKnownFileType = sourcecode.swift; path = "String+Extension.swift"; sourceTree = "<group>"; };
		1B124E502B96A7BB00E7DF41 /* LoadingButtonView.swift */ = {isa = PBXFileReference; lastKnownFileType = sourcecode.swift; path = LoadingButtonView.swift; sourceTree = "<group>"; };
		1B124E532B99254F00E7DF41 /* WebService.swift */ = {isa = PBXFileReference; lastKnownFileType = sourcecode.swift; path = WebService.swift; sourceTree = "<group>"; };
		1B124E592BA0851900E7DF41 /* ErrorResponse.swift */ = {isa = PBXFileReference; lastKnownFileType = sourcecode.swift; path = ErrorResponse.swift; sourceTree = "<group>"; };
		1B3AD4332C0EAFBF006F632D /* HabitResponse.swift */ = {isa = PBXFileReference; lastKnownFileType = sourcecode.swift; path = HabitResponse.swift; sourceTree = "<group>"; };
		1B3AD4362C0EB2A6006F632D /* HabitRemoteDataSource.swift */ = {isa = PBXFileReference; lastKnownFileType = sourcecode.swift; path = HabitRemoteDataSource.swift; sourceTree = "<group>"; };
		1B3AD4382C0EB4DF006F632D /* HabitInteractor.swift */ = {isa = PBXFileReference; lastKnownFileType = sourcecode.swift; path = HabitInteractor.swift; sourceTree = "<group>"; };
		1B3AD43A2C0EBB7C006F632D /* Date+Extension.swift */ = {isa = PBXFileReference; lastKnownFileType = sourcecode.swift; path = "Date+Extension.swift"; sourceTree = "<group>"; };
		1B4E9D4D2B96863300C2C461 /* EditTextView.swift */ = {isa = PBXFileReference; lastKnownFileType = sourcecode.swift; path = EditTextView.swift; sourceTree = "<group>"; };
		1B6FFF032B61DFB7005B00EA /* Habit.app */ = {isa = PBXFileReference; explicitFileType = wrapper.application; includeInIndex = 0; path = Habit.app; sourceTree = BUILT_PRODUCTS_DIR; };
		1B6FFF062B61DFB7005B00EA /* HabitApp.swift */ = {isa = PBXFileReference; lastKnownFileType = sourcecode.swift; path = HabitApp.swift; sourceTree = "<group>"; };
		1B6FFF0A2B61DFB8005B00EA /* Assets.xcassets */ = {isa = PBXFileReference; lastKnownFileType = folder.assetcatalog; path = Assets.xcassets; sourceTree = "<group>"; };
		1B6FFF0D2B61DFB8005B00EA /* Preview Assets.xcassets */ = {isa = PBXFileReference; lastKnownFileType = folder.assetcatalog; path = "Preview Assets.xcassets"; sourceTree = "<group>"; };
		1B6FFF182B61E3C1005B00EA /* SplashView.swift */ = {isa = PBXFileReference; lastKnownFileType = sourcecode.swift; path = SplashView.swift; sourceTree = "<group>"; };
		1B6FFF1A2B61E4B6005B00EA /* SplashUIState.swift */ = {isa = PBXFileReference; lastKnownFileType = sourcecode.swift; path = SplashUIState.swift; sourceTree = "<group>"; };
		1BB5D7672BBBA3A700C53DDE /* HabitView.swift */ = {isa = PBXFileReference; lastKnownFileType = sourcecode.swift; path = HabitView.swift; sourceTree = "<group>"; };
		1BB5D7692BBBA3D600C53DDE /* HabitViewModel.swift */ = {isa = PBXFileReference; lastKnownFileType = sourcecode.swift; path = HabitViewModel.swift; sourceTree = "<group>"; };
		1BB5D76B2BBBA53900C53DDE /* HabitUIState.swift */ = {isa = PBXFileReference; lastKnownFileType = sourcecode.swift; path = HabitUIState.swift; sourceTree = "<group>"; };
		1BB5D76E2BBC4BA900C53DDE /* ButtonStyle.swift */ = {isa = PBXFileReference; lastKnownFileType = sourcecode.swift; path = ButtonStyle.swift; sourceTree = "<group>"; };
		1BB5D7702BBE317600C53DDE /* HabitCardViewModel.swift */ = {isa = PBXFileReference; lastKnownFileType = sourcecode.swift; path = HabitCardViewModel.swift; sourceTree = "<group>"; };
		1BB5D7722BBE327B00C53DDE /* HabitCardView.swift */ = {isa = PBXFileReference; lastKnownFileType = sourcecode.swift; path = HabitCardView.swift; sourceTree = "<group>"; };
		1BC021D32C17CB4F0099FEDC /* HabitDetailUIState.swift */ = {isa = PBXFileReference; lastKnownFileType = sourcecode.swift; path = HabitDetailUIState.swift; sourceTree = "<group>"; };
		1BC021D52C17CE920099FEDC /* HabitDetailViewModel.swift */ = {isa = PBXFileReference; lastKnownFileType = sourcecode.swift; path = HabitDetailViewModel.swift; sourceTree = "<group>"; };
		1BC021D72C17D05C0099FEDC /* HabitDetailView.swift */ = {isa = PBXFileReference; lastKnownFileType = sourcecode.swift; path = HabitDetailView.swift; sourceTree = "<group>"; };
		1BC589ED2B8D44FB00CF01D3 /* SplashViewModel.swift */ = {isa = PBXFileReference; lastKnownFileType = sourcecode.swift; path = SplashViewModel.swift; sourceTree = "<group>"; };
		1BC589F72B8E734C00CF01D3 /* SplashViewRouter.swift */ = {isa = PBXFileReference; lastKnownFileType = sourcecode.swift; path = SplashViewRouter.swift; sourceTree = "<group>"; };
		1BC9B09C2C1CF0D200F87318 /* ImageView.swift */ = {isa = PBXFileReference; lastKnownFileType = sourcecode.swift; path = ImageView.swift; sourceTree = "<group>"; };
		1BCAF5972C1912320004F45D /* HabitCardViewRouter.swift */ = {isa = PBXFileReference; lastKnownFileType = sourcecode.swift; path = HabitCardViewRouter.swift; sourceTree = "<group>"; };
		1BCAF5992C191C7D0004F45D /* HabitValueRequest.swift */ = {isa = PBXFileReference; lastKnownFileType = sourcecode.swift; path = HabitValueRequest.swift; sourceTree = "<group>"; };
		1BCAF59C2C191CCA0004F45D /* HabitDetailRemoteDataSource.swift */ = {isa = PBXFileReference; lastKnownFileType = sourcecode.swift; path = HabitDetailRemoteDataSource.swift; sourceTree = "<group>"; };
		1BCAF59E2C191F1F0004F45D /* HabitDetailInteractor.swift */ = {isa = PBXFileReference; lastKnownFileType = sourcecode.swift; path = HabitDetailInteractor.swift; sourceTree = "<group>"; };
		1BE199762BB3AF5700E387A0 /* AppError.swift */ = {isa = PBXFileReference; lastKnownFileType = sourcecode.swift; path = AppError.swift; sourceTree = "<group>"; };
		1BE1997D2BB7240100E387A0 /* UserAuth.swift */ = {isa = PBXFileReference; lastKnownFileType = sourcecode.swift; path = UserAuth.swift; sourceTree = "<group>"; };
		1BE1997F2BB7253600E387A0 /* LocalDataSource.swift */ = {isa = PBXFileReference; lastKnownFileType = sourcecode.swift; path = LocalDataSource.swift; sourceTree = "<group>"; };
		1BE199822BB8768800E387A0 /* SplashInteractor.swift */ = {isa = PBXFileReference; lastKnownFileType = sourcecode.swift; path = SplashInteractor.swift; sourceTree = "<group>"; };
		1BE199842BB8B7A600E387A0 /* RefreshRequest.swift */ = {isa = PBXFileReference; lastKnownFileType = sourcecode.swift; path = RefreshRequest.swift; sourceTree = "<group>"; };
		1BE199862BB8BC5200E387A0 /* SplashRemoteDataSource.swift */ = {isa = PBXFileReference; lastKnownFileType = sourcecode.swift; path = SplashRemoteDataSource.swift; sourceTree = "<group>"; };
		1BE8A4382CB6208200E04688 /* ProfileInteractor.swift */ = {isa = PBXFileReference; lastKnownFileType = sourcecode.swift; path = ProfileInteractor.swift; sourceTree = "<group>"; };
		1BE8A4392CB6208200E04688 /* ProfileRemoteDataSource.swift */ = {isa = PBXFileReference; lastKnownFileType = sourcecode.swift; path = ProfileRemoteDataSource.swift; sourceTree = "<group>"; };
		1BE8A43B2CB6208200E04688 /* ProfileResponse.swift */ = {isa = PBXFileReference; lastKnownFileType = sourcecode.swift; path = ProfileResponse.swift; sourceTree = "<group>"; };
		1BE8A43C2CB6208200E04688 /* ProfileUIState.swift */ = {isa = PBXFileReference; lastKnownFileType = sourcecode.swift; path = ProfileUIState.swift; sourceTree = "<group>"; };
		1BE8A43E2CB6208200E04688 /* GenderSelectorView.swift */ = {isa = PBXFileReference; lastKnownFileType = sourcecode.swift; path = GenderSelectorView.swift; sourceTree = "<group>"; };
		1BE8A4422CB6208200E04688 /* ProfileViewModel.swift */ = {isa = PBXFileReference; lastKnownFileType = sourcecode.swift; path = ProfileViewModel.swift; sourceTree = "<group>"; };
		1BE8A4582CB6232300E04688 /* HomeView.swift */ = {isa = PBXFileReference; lastKnownFileType = sourcecode.swift; path = HomeView.swift; sourceTree = "<group>"; };
		1BE8A45A2CB6232300E04688 /* HomeViewModel.swift */ = {isa = PBXFileReference; lastKnownFileType = sourcecode.swift; path = HomeViewModel.swift; sourceTree = "<group>"; };
		1BE8A45B2CB6232300E04688 /* HomeViewRouter.swift */ = {isa = PBXFileReference; lastKnownFileType = sourcecode.swift; path = HomeViewRouter.swift; sourceTree = "<group>"; };
		1BFC1CF52CB6255500E0BF52 /* SignInInteractor.swift */ = {isa = PBXFileReference; lastKnownFileType = sourcecode.swift; path = SignInInteractor.swift; sourceTree = "<group>"; };
		1BFC1CF62CB6255500E0BF52 /* SignInRemoteDataSource.swift */ = {isa = PBXFileReference; lastKnownFileType = sourcecode.swift; path = SignInRemoteDataSource.swift; sourceTree = "<group>"; };
		1BFC1CF82CB6255500E0BF52 /* SignInErrorResponse.swift */ = {isa = PBXFileReference; lastKnownFileType = sourcecode.swift; path = SignInErrorResponse.swift; sourceTree = "<group>"; };
		1BFC1CF92CB6255500E0BF52 /* SignInRequest.swift */ = {isa = PBXFileReference; lastKnownFileType = sourcecode.swift; path = SignInRequest.swift; sourceTree = "<group>"; };
		1BFC1CFA2CB6255500E0BF52 /* SignInResponse.swift */ = {isa = PBXFileReference; lastKnownFileType = sourcecode.swift; path = SignInResponse.swift; sourceTree = "<group>"; };
		1BFC1CFB2CB6255500E0BF52 /* SignInUIState.swift */ = {isa = PBXFileReference; lastKnownFileType = sourcecode.swift; path = SignInUIState.swift; sourceTree = "<group>"; };
		1BFC1CFD2CB6255500E0BF52 /* SignInView.swift */ = {isa = PBXFileReference; lastKnownFileType = sourcecode.swift; path = SignInView.swift; sourceTree = "<group>"; };
		1BFC1CFF2CB6255500E0BF52 /* SignInViewModel.swift */ = {isa = PBXFileReference; lastKnownFileType = sourcecode.swift; path = SignInViewModel.swift; sourceTree = "<group>"; };
		1BFC1D002CB6255500E0BF52 /* SignInViewRouter.swift */ = {isa = PBXFileReference; lastKnownFileType = sourcecode.swift; path = SignInViewRouter.swift; sourceTree = "<group>"; };
		1BFC1D032CB6255500E0BF52 /* SignUpInteractor.swift */ = {isa = PBXFileReference; lastKnownFileType = sourcecode.swift; path = SignUpInteractor.swift; sourceTree = "<group>"; };
		1BFC1D042CB6255500E0BF52 /* SignUpRemoteDataSource.swift */ = {isa = PBXFileReference; lastKnownFileType = sourcecode.swift; path = SignUpRemoteDataSource.swift; sourceTree = "<group>"; };
		1BFC1D062CB6255500E0BF52 /* SignUpRequest.swift */ = {isa = PBXFileReference; lastKnownFileType = sourcecode.swift; path = SignUpRequest.swift; sourceTree = "<group>"; };
		1BFC1D072CB6255500E0BF52 /* SignUpResponse.swift */ = {isa = PBXFileReference; lastKnownFileType = sourcecode.swift; path = SignUpResponse.swift; sourceTree = "<group>"; };
		1BFC1D082CB6255500E0BF52 /* SignUpUIState.swift */ = {isa = PBXFileReference; lastKnownFileType = sourcecode.swift; path = SignUpUIState.swift; sourceTree = "<group>"; };
		1BFC1D0A2CB6255500E0BF52 /* SignUpView.swift */ = {isa = PBXFileReference; lastKnownFileType = sourcecode.swift; path = SignUpView.swift; sourceTree = "<group>"; };
		1BFC1D0C2CB6255500E0BF52 /* SignUpViewModel.swift */ = {isa = PBXFileReference; lastKnownFileType = sourcecode.swift; path = SignUpViewModel.swift; sourceTree = "<group>"; };
		1BFC1D0D2CB6255500E0BF52 /* SignUpViewRouter.swift */ = {isa = PBXFileReference; lastKnownFileType = sourcecode.swift; path = SignUpViewRouter.swift; sourceTree = "<group>"; };
		1BFC1D212CB6260300E0BF52 /* ProfileView.swift */ = {isa = PBXFileReference; lastKnownFileType = sourcecode.swift; path = ProfileView.swift; sourceTree = "<group>"; };
		1BFC1D232CB697C400E0BF52 /* ProfileRequest.swift */ = {isa = PBXFileReference; lastKnownFileType = sourcecode.swift; path = ProfileRequest.swift; sourceTree = "<group>"; };
/* End PBXFileReference section */

/* Begin PBXFrameworksBuildPhase section */
		1B6FFF002B61DFB6005B00EA /* Frameworks */ = {
			isa = PBXFrameworksBuildPhase;
			buildActionMask = 2147483647;
			files = (
			);
			runOnlyForDeploymentPostprocessing = 0;
		};
/* End PBXFrameworksBuildPhase section */

/* Begin PBXGroup section */
		1B0249102B94EE3C0045C51A /* Common */ = {
			isa = PBXGroup;
			children = (
				1B124E522B99253000E7DF41 /* Network */,
				1B124E4D2B96A4B700E7DF41 /* Lang */,
				1B4E9D4A2B9685BA00C2C461 /* View */,
				1B0249112B94EE4F0045C51A /* Model */,
			);
			path = Common;
			sourceTree = "<group>";
		};
		1B0249112B94EE4F0045C51A /* Model */ = {
			isa = PBXGroup;
			children = (
				1B0249122B94EE610045C51A /* Gender.swift */,
				1B124E592BA0851900E7DF41 /* ErrorResponse.swift */,
				1BE199762BB3AF5700E387A0 /* AppError.swift */,
				1BE1997D2BB7240100E387A0 /* UserAuth.swift */,
			);
			path = Model;
			sourceTree = "<group>";
		};
		1B124E4A2B9693E300E7DF41 /* Style */ = {
			isa = PBXGroup;
			children = (
				1B124E4B2B96940400E7DF41 /* CustomTextFieldStyle.swift */,
			);
			path = Style;
			sourceTree = "<group>";
		};
		1B124E4D2B96A4B700E7DF41 /* Lang */ = {
			isa = PBXGroup;
			children = (
				1B124E4E2B96A4E300E7DF41 /* String+Extension.swift */,
				1B3AD43A2C0EBB7C006F632D /* Date+Extension.swift */,
			);
			path = Lang;
			sourceTree = "<group>";
		};
		1B124E522B99253000E7DF41 /* Network */ = {
			isa = PBXGroup;
			children = (
				1B124E532B99254F00E7DF41 /* WebService.swift */,
				1BE1997F2BB7253600E387A0 /* LocalDataSource.swift */,
			);
			path = Network;
			sourceTree = "<group>";
		};
		1B3AD4352C0EB287006F632D /* Interactor */ = {
			isa = PBXGroup;
			children = (
				1B3AD4362C0EB2A6006F632D /* HabitRemoteDataSource.swift */,
				1B3AD4382C0EB4DF006F632D /* HabitInteractor.swift */,
			);
			path = Interactor;
			sourceTree = "<group>";
		};
		1B4E9D4A2B9685BA00C2C461 /* View */ = {
			isa = PBXGroup;
			children = (
				1BB5D76D2BBC4B8E00C53DDE /* Modifier */,
				1B124E4A2B9693E300E7DF41 /* Style */,
				1B4E9D4D2B96863300C2C461 /* EditTextView.swift */,
				1B124E502B96A7BB00E7DF41 /* LoadingButtonView.swift */,
				1BC9B09C2C1CF0D200F87318 /* ImageView.swift */,
			);
			path = View;
			sourceTree = "<group>";
		};
		1B6FFEFA2B61DFB6005B00EA = {
			isa = PBXGroup;
			children = (
				1B6FFF052B61DFB7005B00EA /* Habit */,
				1B6FFF042B61DFB7005B00EA /* Products */,
			);
			sourceTree = "<group>";
		};
		1B6FFF042B61DFB7005B00EA /* Products */ = {
			isa = PBXGroup;
			children = (
				1B6FFF032B61DFB7005B00EA /* Habit.app */,
			);
			name = Products;
			sourceTree = "<group>";
		};
		1B6FFF052B61DFB7005B00EA /* Habit */ = {
			isa = PBXGroup;
			children = (
				1BE8A4442CB6208200E04688 /* Profile */,
				1BE8A43D2CB6208200E04688 /* Model */,
				1BC021CE2C17CAF00099FEDC /* HabitDetail */,
				1BB5D7622BBBA36E00C53DDE /* Habit */,
				1B0249102B94EE3C0045C51A /* Common */,
				1BE8A45D2CB6232300E04688 /* Home */,
				1BFC1D022CB6255500E0BF52 /* SignIn */,
				1BFC1D0F2CB6255500E0BF52 /* SignUp */,
				1B6FFF142B61E377005B00EA /* Splash */,
				1B6FFF0A2B61DFB8005B00EA /* Assets.xcassets */,
				1B6FFF0C2B61DFB8005B00EA /* Preview Content */,
			);
			path = Habit;
			sourceTree = "<group>";
		};
		1B6FFF0C2B61DFB8005B00EA /* Preview Content */ = {
			isa = PBXGroup;
			children = (
				1B6FFF062B61DFB7005B00EA /* HabitApp.swift */,
				1B6FFF0D2B61DFB8005B00EA /* Preview Assets.xcassets */,
			);
			path = "Preview Content";
			sourceTree = "<group>";
		};
		1B6FFF142B61E377005B00EA /* Splash */ = {
			isa = PBXGroup;
			children = (
				1BE199812BB8766D00E387A0 /* Interactor */,
				1B6FFF152B61E390005B00EA /* View */,
				1BC589EC2B8D44D300CF01D3 /* ViewModel */,
				1B6FFF162B61E397005B00EA /* Model */,
			);
			path = Splash;
			sourceTree = "<group>";
		};
		1B6FFF152B61E390005B00EA /* View */ = {
			isa = PBXGroup;
			children = (
				1B6FFF182B61E3C1005B00EA /* SplashView.swift */,
			);
			path = View;
			sourceTree = "<group>";
		};
		1B6FFF162B61E397005B00EA /* Model */ = {
			isa = PBXGroup;
			children = (
				1B6FFF1A2B61E4B6005B00EA /* SplashUIState.swift */,
				1BE199842BB8B7A600E387A0 /* RefreshRequest.swift */,
			);
			path = Model;
			sourceTree = "<group>";
		};
		1BB5D7622BBBA36E00C53DDE /* Habit */ = {
			isa = PBXGroup;
			children = (
				1B3AD4352C0EB287006F632D /* Interactor */,
				1BB5D7662BBBA39000C53DDE /* View */,
				1BB5D7652BBBA38A00C53DDE /* ViewModel */,
				1BB5D7642BBBA38200C53DDE /* Model */,
			);
			path = Habit;
			sourceTree = "<group>";
		};
		1BB5D7642BBBA38200C53DDE /* Model */ = {
			isa = PBXGroup;
			children = (
				1BB5D76B2BBBA53900C53DDE /* HabitUIState.swift */,
				1B3AD4332C0EAFBF006F632D /* HabitResponse.swift */,
			);
			path = Model;
			sourceTree = "<group>";
		};
		1BB5D7652BBBA38A00C53DDE /* ViewModel */ = {
			isa = PBXGroup;
			children = (
				1BB5D7692BBBA3D600C53DDE /* HabitViewModel.swift */,
				1BB5D7702BBE317600C53DDE /* HabitCardViewModel.swift */,
				1BCAF5972C1912320004F45D /* HabitCardViewRouter.swift */,
			);
			path = ViewModel;
			sourceTree = "<group>";
		};
		1BB5D7662BBBA39000C53DDE /* View */ = {
			isa = PBXGroup;
			children = (
				1BB5D7672BBBA3A700C53DDE /* HabitView.swift */,
				1BB5D7722BBE327B00C53DDE /* HabitCardView.swift */,
			);
			path = View;
			sourceTree = "<group>";
		};
		1BB5D76D2BBC4B8E00C53DDE /* Modifier */ = {
			isa = PBXGroup;
			children = (
				1BB5D76E2BBC4BA900C53DDE /* ButtonStyle.swift */,
			);
			path = Modifier;
			sourceTree = "<group>";
		};
		1BC021CE2C17CAF00099FEDC /* HabitDetail */ = {
			isa = PBXGroup;
			children = (
				1BCAF59B2C191CA70004F45D /* Interactor */,
				1BC021D12C17CB160099FEDC /* ViewModel */,
				1BC021D02C17CB0F0099FEDC /* View */,
				1BC021CF2C17CB030099FEDC /* Model */,
			);
			path = HabitDetail;
			sourceTree = "<group>";
		};
		1BC021CF2C17CB030099FEDC /* Model */ = {
			isa = PBXGroup;
			children = (
				1BC021D32C17CB4F0099FEDC /* HabitDetailUIState.swift */,
				1BCAF5992C191C7D0004F45D /* HabitValueRequest.swift */,
			);
			path = Model;
			sourceTree = "<group>";
		};
		1BC021D02C17CB0F0099FEDC /* View */ = {
			isa = PBXGroup;
			children = (
				1BC021D72C17D05C0099FEDC /* HabitDetailView.swift */,
			);
			path = View;
			sourceTree = "<group>";
		};
		1BC021D12C17CB160099FEDC /* ViewModel */ = {
			isa = PBXGroup;
			children = (
				1BC021D52C17CE920099FEDC /* HabitDetailViewModel.swift */,
			);
			path = ViewModel;
			sourceTree = "<group>";
		};
		1BC589EC2B8D44D300CF01D3 /* ViewModel */ = {
			isa = PBXGroup;
			children = (
				1BC589ED2B8D44FB00CF01D3 /* SplashViewModel.swift */,
				1BC589F72B8E734C00CF01D3 /* SplashViewRouter.swift */,
			);
			path = ViewModel;
			sourceTree = "<group>";
		};
		1BCAF59B2C191CA70004F45D /* Interactor */ = {
			isa = PBXGroup;
			children = (
				1BCAF59C2C191CCA0004F45D /* HabitDetailRemoteDataSource.swift */,
				1BCAF59E2C191F1F0004F45D /* HabitDetailInteractor.swift */,
			);
			path = Interactor;
			sourceTree = "<group>";
		};
		1BE199812BB8766D00E387A0 /* Interactor */ = {
			isa = PBXGroup;
			children = (
				1BE199822BB8768800E387A0 /* SplashInteractor.swift */,
				1BE199862BB8BC5200E387A0 /* SplashRemoteDataSource.swift */,
			);
			path = Interactor;
			sourceTree = "<group>";
		};
		1BE8A43A2CB6208200E04688 /* Interactor */ = {
			isa = PBXGroup;
			children = (
				1BE8A4382CB6208200E04688 /* ProfileInteractor.swift */,
				1BE8A4392CB6208200E04688 /* ProfileRemoteDataSource.swift */,
			);
			path = Interactor;
			sourceTree = "<group>";
		};
		1BE8A43D2CB6208200E04688 /* Model */ = {
			isa = PBXGroup;
			children = (
				1BE8A43B2CB6208200E04688 /* ProfileResponse.swift */,
				1BE8A43C2CB6208200E04688 /* ProfileUIState.swift */,
				1BFC1D232CB697C400E0BF52 /* ProfileRequest.swift */,
			);
			path = Model;
			sourceTree = "<group>";
		};
		1BE8A4402CB6208200E04688 /* View */ = {
			isa = PBXGroup;
			children = (
				1BFC1D212CB6260300E0BF52 /* ProfileView.swift */,
				1BE8A43E2CB6208200E04688 /* GenderSelectorView.swift */,
			);
			path = View;
			sourceTree = "<group>";
		};
		1BE8A4432CB6208200E04688 /* ViewModel */ = {
			isa = PBXGroup;
			children = (
				1BE8A4422CB6208200E04688 /* ProfileViewModel.swift */,
			);
			path = ViewModel;
			sourceTree = "<group>";
		};
		1BE8A4442CB6208200E04688 /* Profile */ = {
			isa = PBXGroup;
			children = (
				1BE8A43A2CB6208200E04688 /* Interactor */,
				1BE8A4402CB6208200E04688 /* View */,
				1BE8A4432CB6208200E04688 /* ViewModel */,
			);
			path = Profile;
			sourceTree = "<group>";
		};
		1BE8A4572CB6232300E04688 /* Model */ = {
			isa = PBXGroup;
			children = (
			);
			path = Model;
			sourceTree = "<group>";
		};
		1BE8A4592CB6232300E04688 /* View */ = {
			isa = PBXGroup;
			children = (
				1BE8A4582CB6232300E04688 /* HomeView.swift */,
			);
			path = View;
			sourceTree = "<group>";
		};
		1BE8A45C2CB6232300E04688 /* ViewModel */ = {
			isa = PBXGroup;
			children = (
				1BE8A45A2CB6232300E04688 /* HomeViewModel.swift */,
				1BE8A45B2CB6232300E04688 /* HomeViewRouter.swift */,
			);
			path = ViewModel;
			sourceTree = "<group>";
		};
		1BE8A45D2CB6232300E04688 /* Home */ = {
			isa = PBXGroup;
			children = (
				1BE8A4572CB6232300E04688 /* Model */,
				1BE8A4592CB6232300E04688 /* View */,
				1BE8A45C2CB6232300E04688 /* ViewModel */,
			);
			path = Home;
			sourceTree = "<group>";
		};
		1BFC1CF72CB6255500E0BF52 /* Interactor */ = {
			isa = PBXGroup;
			children = (
				1BFC1CF52CB6255500E0BF52 /* SignInInteractor.swift */,
				1BFC1CF62CB6255500E0BF52 /* SignInRemoteDataSource.swift */,
			);
			path = Interactor;
			sourceTree = "<group>";
		};
		1BFC1CFC2CB6255500E0BF52 /* Model */ = {
			isa = PBXGroup;
			children = (
				1BFC1CF82CB6255500E0BF52 /* SignInErrorResponse.swift */,
				1BFC1CF92CB6255500E0BF52 /* SignInRequest.swift */,
				1BFC1CFA2CB6255500E0BF52 /* SignInResponse.swift */,
				1BFC1CFB2CB6255500E0BF52 /* SignInUIState.swift */,
			);
			path = Model;
			sourceTree = "<group>";
		};
		1BFC1CFE2CB6255500E0BF52 /* View */ = {
			isa = PBXGroup;
			children = (
				1BFC1CFD2CB6255500E0BF52 /* SignInView.swift */,
			);
			path = View;
			sourceTree = "<group>";
		};
		1BFC1D012CB6255500E0BF52 /* ViewModel */ = {
			isa = PBXGroup;
			children = (
				1BFC1CFF2CB6255500E0BF52 /* SignInViewModel.swift */,
				1BFC1D002CB6255500E0BF52 /* SignInViewRouter.swift */,
			);
			path = ViewModel;
			sourceTree = "<group>";
		};
		1BFC1D022CB6255500E0BF52 /* SignIn */ = {
			isa = PBXGroup;
			children = (
				1BFC1CF72CB6255500E0BF52 /* Interactor */,
				1BFC1CFC2CB6255500E0BF52 /* Model */,
				1BFC1CFE2CB6255500E0BF52 /* View */,
				1BFC1D012CB6255500E0BF52 /* ViewModel */,
			);
			path = SignIn;
			sourceTree = "<group>";
		};
		1BFC1D052CB6255500E0BF52 /* Interactor */ = {
			isa = PBXGroup;
			children = (
				1BFC1D032CB6255500E0BF52 /* SignUpInteractor.swift */,
				1BFC1D042CB6255500E0BF52 /* SignUpRemoteDataSource.swift */,
			);
			path = Interactor;
			sourceTree = "<group>";
		};
		1BFC1D092CB6255500E0BF52 /* Model */ = {
			isa = PBXGroup;
			children = (
				1BFC1D062CB6255500E0BF52 /* SignUpRequest.swift */,
				1BFC1D072CB6255500E0BF52 /* SignUpResponse.swift */,
				1BFC1D082CB6255500E0BF52 /* SignUpUIState.swift */,
			);
			path = Model;
			sourceTree = "<group>";
		};
		1BFC1D0B2CB6255500E0BF52 /* View */ = {
			isa = PBXGroup;
			children = (
				1BFC1D0A2CB6255500E0BF52 /* SignUpView.swift */,
			);
			path = View;
			sourceTree = "<group>";
		};
		1BFC1D0E2CB6255500E0BF52 /* ViewModel */ = {
			isa = PBXGroup;
			children = (
				1BFC1D0C2CB6255500E0BF52 /* SignUpViewModel.swift */,
				1BFC1D0D2CB6255500E0BF52 /* SignUpViewRouter.swift */,
			);
			path = ViewModel;
			sourceTree = "<group>";
		};
		1BFC1D0F2CB6255500E0BF52 /* SignUp */ = {
			isa = PBXGroup;
			children = (
				1BFC1D052CB6255500E0BF52 /* Interactor */,
				1BFC1D092CB6255500E0BF52 /* Model */,
				1BFC1D0B2CB6255500E0BF52 /* View */,
				1BFC1D0E2CB6255500E0BF52 /* ViewModel */,
			);
			path = SignUp;
			sourceTree = "<group>";
		};
/* End PBXGroup section */

/* Begin PBXNativeTarget section */
		1B6FFF022B61DFB6005B00EA /* Habit */ = {
			isa = PBXNativeTarget;
			buildConfigurationList = 1B6FFF112B61DFB8005B00EA /* Build configuration list for PBXNativeTarget "Habit" */;
			buildPhases = (
				1B6FFEFF2B61DFB6005B00EA /* Sources */,
				1B6FFF002B61DFB6005B00EA /* Frameworks */,
				1B6FFF012B61DFB6005B00EA /* Resources */,
			);
			buildRules = (
			);
			dependencies = (
			);
			name = Habit;
			productName = Habit;
			productReference = 1B6FFF032B61DFB7005B00EA /* Habit.app */;
			productType = "com.apple.product-type.application";
		};
/* End PBXNativeTarget section */

/* Begin PBXProject section */
		1B6FFEFB2B61DFB6005B00EA /* Project object */ = {
			isa = PBXProject;
			attributes = {
				BuildIndependentTargetsInParallel = 1;
				LastSwiftUpdateCheck = 1520;
				LastUpgradeCheck = 1520;
				TargetAttributes = {
					1B6FFF022B61DFB6005B00EA = {
						CreatedOnToolsVersion = 15.2;
					};
				};
			};
			buildConfigurationList = 1B6FFEFE2B61DFB6005B00EA /* Build configuration list for PBXProject "Habit" */;
			compatibilityVersion = "Xcode 14.0";
			developmentRegion = en;
			hasScannedForEncodings = 0;
			knownRegions = (
				en,
				Base,
			);
			mainGroup = 1B6FFEFA2B61DFB6005B00EA;
			productRefGroup = 1B6FFF042B61DFB7005B00EA /* Products */;
			projectDirPath = "";
			projectRoot = "";
			targets = (
				1B6FFF022B61DFB6005B00EA /* Habit */,
			);
		};
/* End PBXProject section */

/* Begin PBXResourcesBuildPhase section */
		1B6FFF012B61DFB6005B00EA /* Resources */ = {
			isa = PBXResourcesBuildPhase;
			buildActionMask = 2147483647;
			files = (
				1B6FFF0E2B61DFB8005B00EA /* Preview Assets.xcassets in Resources */,
				1B6FFF0B2B61DFB8005B00EA /* Assets.xcassets in Resources */,
			);
			runOnlyForDeploymentPostprocessing = 0;
		};
/* End PBXResourcesBuildPhase section */

/* Begin PBXSourcesBuildPhase section */
		1B6FFEFF2B61DFB6005B00EA /* Sources */ = {
			isa = PBXSourcesBuildPhase;
			buildActionMask = 2147483647;
			files = (
				1BB5D76C2BBBA53900C53DDE /* HabitUIState.swift in Sources */,
				1B6FFF1B2B61E4B6005B00EA /* SplashUIState.swift in Sources */,
				1BE199772BB3AF5700E387A0 /* AppError.swift in Sources */,
				1BE199872BB8BC5200E387A0 /* SplashRemoteDataSource.swift in Sources */,
				1BC021D82C17D05C0099FEDC /* HabitDetailView.swift in Sources */,
				1BCAF5982C1912320004F45D /* HabitCardViewRouter.swift in Sources */,
				1B3AD43B2C0EBB7C006F632D /* Date+Extension.swift in Sources */,
				1BC021D62C17CE920099FEDC /* HabitDetailViewModel.swift in Sources */,
				1B6FFF072B61DFB7005B00EA /* HabitApp.swift in Sources */,
				1BCAF59F2C191F1F0004F45D /* HabitDetailInteractor.swift in Sources */,
				1B124E512B96A7BB00E7DF41 /* LoadingButtonView.swift in Sources */,
				1BE8A45E2CB6232300E04688 /* HomeViewRouter.swift in Sources */,
				1BE8A45F2CB6232300E04688 /* HomeView.swift in Sources */,
				1BE8A4602CB6232300E04688 /* HomeViewModel.swift in Sources */,
				1BE199802BB7253600E387A0 /* LocalDataSource.swift in Sources */,
				1BE1997E2BB7240100E387A0 /* UserAuth.swift in Sources */,
				1B124E4F2B96A4E300E7DF41 /* String+Extension.swift in Sources */,
				1B124E542B99254F00E7DF41 /* WebService.swift in Sources */,
				1BB5D7732BBE327B00C53DDE /* HabitCardView.swift in Sources */,
				1BFC1D222CB6260300E0BF52 /* ProfileView.swift in Sources */,
				1BCAF59A2C191C7D0004F45D /* HabitValueRequest.swift in Sources */,
				1B3AD4392C0EB4DF006F632D /* HabitInteractor.swift in Sources */,
				1BFC1D102CB6255500E0BF52 /* SignInRemoteDataSource.swift in Sources */,
				1BFC1D112CB6255500E0BF52 /* SignInViewRouter.swift in Sources */,
				1BFC1D122CB6255500E0BF52 /* SignInErrorResponse.swift in Sources */,
				1BFC1D132CB6255500E0BF52 /* SignUpRequest.swift in Sources */,
				1BFC1D142CB6255500E0BF52 /* SignInView.swift in Sources */,
				1BFC1D152CB6255500E0BF52 /* SignUpInteractor.swift in Sources */,
				1BFC1D162CB6255500E0BF52 /* SignInInteractor.swift in Sources */,
				1BFC1D172CB6255500E0BF52 /* SignUpViewModel.swift in Sources */,
				1BFC1D182CB6255500E0BF52 /* SignUpViewRouter.swift in Sources */,
				1BFC1D192CB6255500E0BF52 /* SignInResponse.swift in Sources */,
				1BFC1D1A2CB6255500E0BF52 /* SignUpView.swift in Sources */,
				1BFC1D1B2CB6255500E0BF52 /* SignUpRemoteDataSource.swift in Sources */,
				1BFC1D1C2CB6255500E0BF52 /* SignUpUIState.swift in Sources */,
				1BFC1D1D2CB6255500E0BF52 /* SignInUIState.swift in Sources */,
				1BFC1D1E2CB6255500E0BF52 /* SignUpResponse.swift in Sources */,
				1BFC1D1F2CB6255500E0BF52 /* SignInViewModel.swift in Sources */,
				1BFC1D202CB6255500E0BF52 /* SignInRequest.swift in Sources */,
				1BE199832BB8768800E387A0 /* SplashInteractor.swift in Sources */,
				1B6FFF192B61E3C1005B00EA /* SplashView.swift in Sources */,
				1BFC1D242CB697C400E0BF52 /* ProfileRequest.swift in Sources */,
				1BC021D42C17CB4F0099FEDC /* HabitDetailUIState.swift in Sources */,
				1B3AD4372C0EB2A6006F632D /* HabitRemoteDataSource.swift in Sources */,
				1B124E5A2BA0851900E7DF41 /* ErrorResponse.swift in Sources */,
				1BB5D76F2BBC4BA900C53DDE /* ButtonStyle.swift in Sources */,
				1B0249132B94EE610045C51A /* Gender.swift in Sources */,
				1BB5D76A2BBBA3D600C53DDE /* HabitViewModel.swift in Sources */,
				1BC9B09D2C1CF0D200F87318 /* ImageView.swift in Sources */,
				1BB5D7682BBBA3A700C53DDE /* HabitView.swift in Sources */,
				1BC589EE2B8D44FB00CF01D3 /* SplashViewModel.swift in Sources */,
				1BE199852BB8B7A600E387A0 /* RefreshRequest.swift in Sources */,
				1B124E4C2B96940400E7DF41 /* CustomTextFieldStyle.swift in Sources */,
				1BCAF59D2C191CCA0004F45D /* HabitDetailRemoteDataSource.swift in Sources */,
				1BE8A4452CB6208200E04688 /* ProfileUIState.swift in Sources */,
				1BE8A4462CB6208200E04688 /* ProfileViewModel.swift in Sources */,
				1BE8A4472CB6208200E04688 /* ProfileInteractor.swift in Sources */,
				1BE8A4482CB6208200E04688 /* ProfileRemoteDataSource.swift in Sources */,
				1BE8A44A2CB6208200E04688 /* ProfileResponse.swift in Sources */,
				1BE8A44B2CB6208200E04688 /* GenderSelectorView.swift in Sources */,
				1B4E9D4E2B96863300C2C461 /* EditTextView.swift in Sources */,
				1BB5D7712BBE317600C53DDE /* HabitCardViewModel.swift in Sources */,
				1B3AD4342C0EAFBF006F632D /* HabitResponse.swift in Sources */,
				1BC589F82B8E734C00CF01D3 /* SplashViewRouter.swift in Sources */,
			);
			runOnlyForDeploymentPostprocessing = 0;
		};
/* End PBXSourcesBuildPhase section */

/* Begin XCBuildConfiguration section */
		1B6FFF0F2B61DFB8005B00EA /* Debug */ = {
			isa = XCBuildConfiguration;
			buildSettings = {
				ALWAYS_SEARCH_USER_PATHS = NO;
				ASSETCATALOG_COMPILER_GENERATE_SWIFT_ASSET_SYMBOL_EXTENSIONS = YES;
				CLANG_ANALYZER_NONNULL = YES;
				CLANG_ANALYZER_NUMBER_OBJECT_CONVERSION = YES_AGGRESSIVE;
				CLANG_CXX_LANGUAGE_STANDARD = "gnu++20";
				CLANG_ENABLE_MODULES = YES;
				CLANG_ENABLE_OBJC_ARC = YES;
				CLANG_ENABLE_OBJC_WEAK = YES;
				CLANG_WARN_BLOCK_CAPTURE_AUTORELEASING = YES;
				CLANG_WARN_BOOL_CONVERSION = YES;
				CLANG_WARN_COMMA = YES;
				CLANG_WARN_CONSTANT_CONVERSION = YES;
				CLANG_WARN_DEPRECATED_OBJC_IMPLEMENTATIONS = YES;
				CLANG_WARN_DIRECT_OBJC_ISA_USAGE = YES_ERROR;
				CLANG_WARN_DOCUMENTATION_COMMENTS = YES;
				CLANG_WARN_EMPTY_BODY = YES;
				CLANG_WARN_ENUM_CONVERSION = YES;
				CLANG_WARN_INFINITE_RECURSION = YES;
				CLANG_WARN_INT_CONVERSION = YES;
				CLANG_WARN_NON_LITERAL_NULL_CONVERSION = YES;
				CLANG_WARN_OBJC_IMPLICIT_RETAIN_SELF = YES;
				CLANG_WARN_OBJC_LITERAL_CONVERSION = YES;
				CLANG_WARN_OBJC_ROOT_CLASS = YES_ERROR;
				CLANG_WARN_QUOTED_INCLUDE_IN_FRAMEWORK_HEADER = YES;
				CLANG_WARN_RANGE_LOOP_ANALYSIS = YES;
				CLANG_WARN_STRICT_PROTOTYPES = YES;
				CLANG_WARN_SUSPICIOUS_MOVE = YES;
				CLANG_WARN_UNGUARDED_AVAILABILITY = YES_AGGRESSIVE;
				CLANG_WARN_UNREACHABLE_CODE = YES;
				CLANG_WARN__DUPLICATE_METHOD_MATCH = YES;
				COPY_PHASE_STRIP = NO;
				DEBUG_INFORMATION_FORMAT = dwarf;
				ENABLE_STRICT_OBJC_MSGSEND = YES;
				ENABLE_TESTABILITY = YES;
				ENABLE_USER_SCRIPT_SANDBOXING = YES;
				GCC_C_LANGUAGE_STANDARD = gnu17;
				GCC_DYNAMIC_NO_PIC = NO;
				GCC_NO_COMMON_BLOCKS = YES;
				GCC_OPTIMIZATION_LEVEL = 0;
				GCC_PREPROCESSOR_DEFINITIONS = (
					"DEBUG=1",
					"$(inherited)",
				);
				GCC_WARN_64_TO_32_BIT_CONVERSION = YES;
				GCC_WARN_ABOUT_RETURN_TYPE = YES_ERROR;
				GCC_WARN_UNDECLARED_SELECTOR = YES;
				GCC_WARN_UNINITIALIZED_AUTOS = YES_AGGRESSIVE;
				GCC_WARN_UNUSED_FUNCTION = YES;
				GCC_WARN_UNUSED_VARIABLE = YES;
				IPHONEOS_DEPLOYMENT_TARGET = 17.2;
				LOCALIZATION_PREFERS_STRING_CATALOGS = YES;
				MTL_ENABLE_DEBUG_INFO = INCLUDE_SOURCE;
				MTL_FAST_MATH = YES;
				ONLY_ACTIVE_ARCH = YES;
				SDKROOT = iphoneos;
				SWIFT_ACTIVE_COMPILATION_CONDITIONS = "DEBUG $(inherited)";
				SWIFT_OPTIMIZATION_LEVEL = "-Onone";
			};
			name = Debug;
		};
		1B6FFF102B61DFB8005B00EA /* Release */ = {
			isa = XCBuildConfiguration;
			buildSettings = {
				ALWAYS_SEARCH_USER_PATHS = NO;
				ASSETCATALOG_COMPILER_GENERATE_SWIFT_ASSET_SYMBOL_EXTENSIONS = YES;
				CLANG_ANALYZER_NONNULL = YES;
				CLANG_ANALYZER_NUMBER_OBJECT_CONVERSION = YES_AGGRESSIVE;
				CLANG_CXX_LANGUAGE_STANDARD = "gnu++20";
				CLANG_ENABLE_MODULES = YES;
				CLANG_ENABLE_OBJC_ARC = YES;
				CLANG_ENABLE_OBJC_WEAK = YES;
				CLANG_WARN_BLOCK_CAPTURE_AUTORELEASING = YES;
				CLANG_WARN_BOOL_CONVERSION = YES;
				CLANG_WARN_COMMA = YES;
				CLANG_WARN_CONSTANT_CONVERSION = YES;
				CLANG_WARN_DEPRECATED_OBJC_IMPLEMENTATIONS = YES;
				CLANG_WARN_DIRECT_OBJC_ISA_USAGE = YES_ERROR;
				CLANG_WARN_DOCUMENTATION_COMMENTS = YES;
				CLANG_WARN_EMPTY_BODY = YES;
				CLANG_WARN_ENUM_CONVERSION = YES;
				CLANG_WARN_INFINITE_RECURSION = YES;
				CLANG_WARN_INT_CONVERSION = YES;
				CLANG_WARN_NON_LITERAL_NULL_CONVERSION = YES;
				CLANG_WARN_OBJC_IMPLICIT_RETAIN_SELF = YES;
				CLANG_WARN_OBJC_LITERAL_CONVERSION = YES;
				CLANG_WARN_OBJC_ROOT_CLASS = YES_ERROR;
				CLANG_WARN_QUOTED_INCLUDE_IN_FRAMEWORK_HEADER = YES;
				CLANG_WARN_RANGE_LOOP_ANALYSIS = YES;
				CLANG_WARN_STRICT_PROTOTYPES = YES;
				CLANG_WARN_SUSPICIOUS_MOVE = YES;
				CLANG_WARN_UNGUARDED_AVAILABILITY = YES_AGGRESSIVE;
				CLANG_WARN_UNREACHABLE_CODE = YES;
				CLANG_WARN__DUPLICATE_METHOD_MATCH = YES;
				COPY_PHASE_STRIP = NO;
				DEBUG_INFORMATION_FORMAT = "dwarf-with-dsym";
				ENABLE_NS_ASSERTIONS = NO;
				ENABLE_STRICT_OBJC_MSGSEND = YES;
				ENABLE_USER_SCRIPT_SANDBOXING = YES;
				GCC_C_LANGUAGE_STANDARD = gnu17;
				GCC_NO_COMMON_BLOCKS = YES;
				GCC_WARN_64_TO_32_BIT_CONVERSION = YES;
				GCC_WARN_ABOUT_RETURN_TYPE = YES_ERROR;
				GCC_WARN_UNDECLARED_SELECTOR = YES;
				GCC_WARN_UNINITIALIZED_AUTOS = YES_AGGRESSIVE;
				GCC_WARN_UNUSED_FUNCTION = YES;
				GCC_WARN_UNUSED_VARIABLE = YES;
				IPHONEOS_DEPLOYMENT_TARGET = 17.2;
				LOCALIZATION_PREFERS_STRING_CATALOGS = YES;
				MTL_ENABLE_DEBUG_INFO = NO;
				MTL_FAST_MATH = YES;
				SDKROOT = iphoneos;
				SWIFT_COMPILATION_MODE = wholemodule;
				VALIDATE_PRODUCT = YES;
			};
			name = Release;
		};
		1B6FFF122B61DFB8005B00EA /* Debug */ = {
			isa = XCBuildConfiguration;
			buildSettings = {
				ASSETCATALOG_COMPILER_APPICON_NAME = AppIcon;
				ASSETCATALOG_COMPILER_GLOBAL_ACCENT_COLOR_NAME = AccentColor;
				CODE_SIGN_STYLE = Automatic;
				CURRENT_PROJECT_VERSION = 1;
				DEVELOPMENT_ASSET_PATHS = "\"Habit/Preview Content\"";
				ENABLE_PREVIEWS = YES;
				GENERATE_INFOPLIST_FILE = YES;
				INFOPLIST_KEY_UIApplicationSceneManifest_Generation = YES;
				INFOPLIST_KEY_UIApplicationSupportsIndirectInputEvents = YES;
				INFOPLIST_KEY_UILaunchScreen_Generation = YES;
				INFOPLIST_KEY_UISupportedInterfaceOrientations_iPad = "UIInterfaceOrientationPortrait UIInterfaceOrientationPortraitUpsideDown UIInterfaceOrientationLandscapeLeft UIInterfaceOrientationLandscapeRight";
				INFOPLIST_KEY_UISupportedInterfaceOrientations_iPhone = "UIInterfaceOrientationPortrait UIInterfaceOrientationLandscapeLeft UIInterfaceOrientationLandscapeRight";
				IPHONEOS_DEPLOYMENT_TARGET = 17.2;
				LD_RUNPATH_SEARCH_PATHS = (
					"$(inherited)",
					"@executable_path/Frameworks",
				);
				MARKETING_VERSION = 1.0;
				PRODUCT_BUNDLE_IDENTIFIER = "swiftUI-teste.Habit";
				PRODUCT_NAME = "$(TARGET_NAME)";
				SWIFT_EMIT_LOC_STRINGS = YES;
				SWIFT_VERSION = 5.0;
				TARGETED_DEVICE_FAMILY = "1,2";
			};
			name = Debug;
		};
		1B6FFF132B61DFB8005B00EA /* Release */ = {
			isa = XCBuildConfiguration;
			buildSettings = {
				ASSETCATALOG_COMPILER_APPICON_NAME = AppIcon;
				ASSETCATALOG_COMPILER_GLOBAL_ACCENT_COLOR_NAME = AccentColor;
				CODE_SIGN_STYLE = Automatic;
				CURRENT_PROJECT_VERSION = 1;
				DEVELOPMENT_ASSET_PATHS = "\"Habit/Preview Content\"";
				ENABLE_PREVIEWS = YES;
				GENERATE_INFOPLIST_FILE = YES;
				INFOPLIST_KEY_UIApplicationSceneManifest_Generation = YES;
				INFOPLIST_KEY_UIApplicationSupportsIndirectInputEvents = YES;
				INFOPLIST_KEY_UILaunchScreen_Generation = YES;
				INFOPLIST_KEY_UISupportedInterfaceOrientations_iPad = "UIInterfaceOrientationPortrait UIInterfaceOrientationPortraitUpsideDown UIInterfaceOrientationLandscapeLeft UIInterfaceOrientationLandscapeRight";
				INFOPLIST_KEY_UISupportedInterfaceOrientations_iPhone = "UIInterfaceOrientationPortrait UIInterfaceOrientationLandscapeLeft UIInterfaceOrientationLandscapeRight";
				IPHONEOS_DEPLOYMENT_TARGET = 17.2;
				LD_RUNPATH_SEARCH_PATHS = (
					"$(inherited)",
					"@executable_path/Frameworks",
				);
				MARKETING_VERSION = 1.0;
				PRODUCT_BUNDLE_IDENTIFIER = "swiftUI-teste.Habit";
				PRODUCT_NAME = "$(TARGET_NAME)";
				SWIFT_EMIT_LOC_STRINGS = YES;
				SWIFT_VERSION = 5.0;
				TARGETED_DEVICE_FAMILY = "1,2";
			};
			name = Release;
		};
/* End XCBuildConfiguration section */

/* Begin XCConfigurationList section */
		1B6FFEFE2B61DFB6005B00EA /* Build configuration list for PBXProject "Habit" */ = {
			isa = XCConfigurationList;
			buildConfigurations = (
				1B6FFF0F2B61DFB8005B00EA /* Debug */,
				1B6FFF102B61DFB8005B00EA /* Release */,
			);
			defaultConfigurationIsVisible = 0;
			defaultConfigurationName = Release;
		};
		1B6FFF112B61DFB8005B00EA /* Build configuration list for PBXNativeTarget "Habit" */ = {
			isa = XCConfigurationList;
			buildConfigurations = (
				1B6FFF122B61DFB8005B00EA /* Debug */,
				1B6FFF132B61DFB8005B00EA /* Release */,
			);
			defaultConfigurationIsVisible = 0;
			defaultConfigurationName = Release;
		};
/* End XCConfigurationList section */
	};
	rootObject = 1B6FFEFB2B61DFB6005B00EA /* Project object */;
}
