// !$*UTF8*$!
{
	archiveVersion = 1;
	classes = {
	};
	objectVersion = 56;
	objects = {

/* Begin PBXBuildFile section */
		1B02490F2B94E6A20045C51A /* SignUpView.swift in Sources */ = {isa = PBXBuildFile; fileRef = 1B02490E2B94E6A20045C51A /* SignUpView.swift */; };
		1B0249132B94EE610045C51A /* Gender.swift in Sources */ = {isa = PBXBuildFile; fileRef = 1B0249122B94EE610045C51A /* Gender.swift */; };
		1B0249152B94F6C20045C51A /* SignUpUIState.swift in Sources */ = {isa = PBXBuildFile; fileRef = 1B0249142B94F6C20045C51A /* SignUpUIState.swift */; };
		1B0249172B94F7070045C51A /* SignUpViewModel.swift in Sources */ = {isa = PBXBuildFile; fileRef = 1B0249162B94F7070045C51A /* SignUpViewModel.swift */; };
		1B0249192B94F7B00045C51A /* SignUpViewRouter.swift in Sources */ = {isa = PBXBuildFile; fileRef = 1B0249182B94F7B00045C51A /* SignUpViewRouter.swift */; };
		1B124E4C2B96940400E7DF41 /* CustomTextFieldStyle.swift in Sources */ = {isa = PBXBuildFile; fileRef = 1B124E4B2B96940400E7DF41 /* CustomTextFieldStyle.swift */; };
		1B124E4F2B96A4E300E7DF41 /* String+Extension.swift in Sources */ = {isa = PBXBuildFile; fileRef = 1B124E4E2B96A4E300E7DF41 /* String+Extension.swift */; };
		1B124E512B96A7BB00E7DF41 /* LoadingButtonView.swift in Sources */ = {isa = PBXBuildFile; fileRef = 1B124E502B96A7BB00E7DF41 /* LoadingButtonView.swift */; };
		1B4E9D4E2B96863300C2C461 /* EditTextView.swift in Sources */ = {isa = PBXBuildFile; fileRef = 1B4E9D4D2B96863300C2C461 /* EditTextView.swift */; };
		1B6DA7372B8FF747004D27EC /* SignInUIState.swift in Sources */ = {isa = PBXBuildFile; fileRef = 1B6DA7362B8FF747004D27EC /* SignInUIState.swift */; };
		1B6FFF072B61DFB7005B00EA /* HabitApp.swift in Sources */ = {isa = PBXBuildFile; fileRef = 1B6FFF062B61DFB7005B00EA /* HabitApp.swift */; };
		1B6FFF0B2B61DFB8005B00EA /* Assets.xcassets in Resources */ = {isa = PBXBuildFile; fileRef = 1B6FFF0A2B61DFB8005B00EA /* Assets.xcassets */; };
		1B6FFF0E2B61DFB8005B00EA /* Preview Assets.xcassets in Resources */ = {isa = PBXBuildFile; fileRef = 1B6FFF0D2B61DFB8005B00EA /* Preview Assets.xcassets */; };
		1B6FFF192B61E3C1005B00EA /* SplashView.swift in Sources */ = {isa = PBXBuildFile; fileRef = 1B6FFF182B61E3C1005B00EA /* SplashView.swift */; };
		1B6FFF1B2B61E4B6005B00EA /* SplashUIState.swift in Sources */ = {isa = PBXBuildFile; fileRef = 1B6FFF1A2B61E4B6005B00EA /* SplashUIState.swift */; };
		1BC589EE2B8D44FB00CF01D3 /* SplashViewModel.swift in Sources */ = {isa = PBXBuildFile; fileRef = 1BC589ED2B8D44FB00CF01D3 /* SplashViewModel.swift */; };
		1BC589F42B8E725000CF01D3 /* SignInView.swift in Sources */ = {isa = PBXBuildFile; fileRef = 1BC589F32B8E725000CF01D3 /* SignInView.swift */; };
		1BC589F62B8E729400CF01D3 /* SignInViewModel.swift in Sources */ = {isa = PBXBuildFile; fileRef = 1BC589F52B8E729400CF01D3 /* SignInViewModel.swift */; };
		1BC589F82B8E734C00CF01D3 /* SplashViewRouter.swift in Sources */ = {isa = PBXBuildFile; fileRef = 1BC589F72B8E734C00CF01D3 /* SplashViewRouter.swift */; };
		1BD7E6A42B92480B00D2265B /* SignInViewRouter.swift in Sources */ = {isa = PBXBuildFile; fileRef = 1BD7E6A32B92480B00D2265B /* SignInViewRouter.swift */; };
		1BD7E6AA2B92489200D2265B /* HomeView.swift in Sources */ = {isa = PBXBuildFile; fileRef = 1BD7E6A92B92489200D2265B /* HomeView.swift */; };
		1BD7E6AC2B9248B100D2265B /* HomeViewModel.swift in Sources */ = {isa = PBXBuildFile; fileRef = 1BD7E6AB2B9248B100D2265B /* HomeViewModel.swift */; };
/* End PBXBuildFile section */

/* Begin PBXFileReference section */
		1B02490E2B94E6A20045C51A /* SignUpView.swift */ = {isa = PBXFileReference; lastKnownFileType = sourcecode.swift; path = SignUpView.swift; sourceTree = "<group>"; };
		1B0249122B94EE610045C51A /* Gender.swift */ = {isa = PBXFileReference; lastKnownFileType = sourcecode.swift; path = Gender.swift; sourceTree = "<group>"; };
		1B0249142B94F6C20045C51A /* SignUpUIState.swift */ = {isa = PBXFileReference; lastKnownFileType = sourcecode.swift; path = SignUpUIState.swift; sourceTree = "<group>"; };
		1B0249162B94F7070045C51A /* SignUpViewModel.swift */ = {isa = PBXFileReference; lastKnownFileType = sourcecode.swift; path = SignUpViewModel.swift; sourceTree = "<group>"; };
		1B0249182B94F7B00045C51A /* SignUpViewRouter.swift */ = {isa = PBXFileReference; lastKnownFileType = sourcecode.swift; path = SignUpViewRouter.swift; sourceTree = "<group>"; };
		1B124E4B2B96940400E7DF41 /* CustomTextFieldStyle.swift */ = {isa = PBXFileReference; lastKnownFileType = sourcecode.swift; path = CustomTextFieldStyle.swift; sourceTree = "<group>"; };
		1B124E4E2B96A4E300E7DF41 /* String+Extension.swift */ = {isa = PBXFileReference; lastKnownFileType = sourcecode.swift; path = "String+Extension.swift"; sourceTree = "<group>"; };
		1B124E502B96A7BB00E7DF41 /* LoadingButtonView.swift */ = {isa = PBXFileReference; lastKnownFileType = sourcecode.swift; path = LoadingButtonView.swift; sourceTree = "<group>"; };
		1B4E9D4D2B96863300C2C461 /* EditTextView.swift */ = {isa = PBXFileReference; lastKnownFileType = sourcecode.swift; path = EditTextView.swift; sourceTree = "<group>"; };
		1B6DA7362B8FF747004D27EC /* SignInUIState.swift */ = {isa = PBXFileReference; lastKnownFileType = sourcecode.swift; path = SignInUIState.swift; sourceTree = "<group>"; };
		1B6FFF032B61DFB7005B00EA /* Habit.app */ = {isa = PBXFileReference; explicitFileType = wrapper.application; includeInIndex = 0; path = Habit.app; sourceTree = BUILT_PRODUCTS_DIR; };
		1B6FFF062B61DFB7005B00EA /* HabitApp.swift */ = {isa = PBXFileReference; lastKnownFileType = sourcecode.swift; path = HabitApp.swift; sourceTree = "<group>"; };
		1B6FFF0A2B61DFB8005B00EA /* Assets.xcassets */ = {isa = PBXFileReference; lastKnownFileType = folder.assetcatalog; path = Assets.xcassets; sourceTree = "<group>"; };
		1B6FFF0D2B61DFB8005B00EA /* Preview Assets.xcassets */ = {isa = PBXFileReference; lastKnownFileType = folder.assetcatalog; path = "Preview Assets.xcassets"; sourceTree = "<group>"; };
		1B6FFF182B61E3C1005B00EA /* SplashView.swift */ = {isa = PBXFileReference; lastKnownFileType = sourcecode.swift; path = SplashView.swift; sourceTree = "<group>"; };
		1B6FFF1A2B61E4B6005B00EA /* SplashUIState.swift */ = {isa = PBXFileReference; lastKnownFileType = sourcecode.swift; path = SplashUIState.swift; sourceTree = "<group>"; };
		1BC589ED2B8D44FB00CF01D3 /* SplashViewModel.swift */ = {isa = PBXFileReference; lastKnownFileType = sourcecode.swift; path = SplashViewModel.swift; sourceTree = "<group>"; };
		1BC589F32B8E725000CF01D3 /* SignInView.swift */ = {isa = PBXFileReference; lastKnownFileType = sourcecode.swift; path = SignInView.swift; sourceTree = "<group>"; };
		1BC589F52B8E729400CF01D3 /* SignInViewModel.swift */ = {isa = PBXFileReference; lastKnownFileType = sourcecode.swift; path = SignInViewModel.swift; sourceTree = "<group>"; };
		1BC589F72B8E734C00CF01D3 /* SplashViewRouter.swift */ = {isa = PBXFileReference; lastKnownFileType = sourcecode.swift; path = SplashViewRouter.swift; sourceTree = "<group>"; };
		1BD7E6A32B92480B00D2265B /* SignInViewRouter.swift */ = {isa = PBXFileReference; lastKnownFileType = sourcecode.swift; path = SignInViewRouter.swift; sourceTree = "<group>"; };
		1BD7E6A92B92489200D2265B /* HomeView.swift */ = {isa = PBXFileReference; lastKnownFileType = sourcecode.swift; path = HomeView.swift; sourceTree = "<group>"; };
		1BD7E6AB2B9248B100D2265B /* HomeViewModel.swift */ = {isa = PBXFileReference; lastKnownFileType = sourcecode.swift; path = HomeViewModel.swift; sourceTree = "<group>"; };
/* End PBXFileReference section */

/* Begin PBXFrameworksBuildPhase section */
		1B6FFF002B61DFB6005B00EA /* Frameworks */ = {
			isa = PBXFrameworksBuildPhase;
			buildActionMask = 2147483647;
			files = (
			);
			runOnlyForDeploymentPostprocessing = 0;
		};
/* End PBXFrameworksBuildPhase section */

/* Begin PBXGroup section */
		1B02490A2B94E6680045C51A /* SignUp */ = {
			isa = PBXGroup;
			children = (
				1B02490B2B94E66E0045C51A /* View */,
				1B02490C2B94E6730045C51A /* ViewModel */,
				1B02490D2B94E6780045C51A /* Model */,
			);
			path = SignUp;
			sourceTree = "<group>";
		};
		1B02490B2B94E66E0045C51A /* View */ = {
			isa = PBXGroup;
			children = (
				1B02490E2B94E6A20045C51A /* SignUpView.swift */,
			);
			path = View;
			sourceTree = "<group>";
		};
		1B02490C2B94E6730045C51A /* ViewModel */ = {
			isa = PBXGroup;
			children = (
				1B0249162B94F7070045C51A /* SignUpViewModel.swift */,
				1B0249182B94F7B00045C51A /* SignUpViewRouter.swift */,
			);
			path = ViewModel;
			sourceTree = "<group>";
		};
		1B02490D2B94E6780045C51A /* Model */ = {
			isa = PBXGroup;
			children = (
				1B0249142B94F6C20045C51A /* SignUpUIState.swift */,
			);
			path = Model;
			sourceTree = "<group>";
		};
		1B0249102B94EE3C0045C51A /* Common */ = {
			isa = PBXGroup;
			children = (
				1B124E4D2B96A4B700E7DF41 /* Lang */,
				1B4E9D4A2B9685BA00C2C461 /* View */,
				1B0249112B94EE4F0045C51A /* Model */,
			);
			path = Common;
			sourceTree = "<group>";
		};
		1B0249112B94EE4F0045C51A /* Model */ = {
			isa = PBXGroup;
			children = (
				1B0249122B94EE610045C51A /* Gender.swift */,
			);
			path = Model;
			sourceTree = "<group>";
		};
		1B124E4A2B9693E300E7DF41 /* Style */ = {
			isa = PBXGroup;
			children = (
				1B124E4B2B96940400E7DF41 /* CustomTextFieldStyle.swift */,
			);
			path = Style;
			sourceTree = "<group>";
		};
		1B124E4D2B96A4B700E7DF41 /* Lang */ = {
			isa = PBXGroup;
			children = (
				1B124E4E2B96A4E300E7DF41 /* String+Extension.swift */,
			);
			path = Lang;
			sourceTree = "<group>";
		};
		1B4E9D4A2B9685BA00C2C461 /* View */ = {
			isa = PBXGroup;
			children = (
				1B124E4A2B9693E300E7DF41 /* Style */,
				1B4E9D4D2B96863300C2C461 /* EditTextView.swift */,
				1B124E502B96A7BB00E7DF41 /* LoadingButtonView.swift */,
			);
			path = View;
			sourceTree = "<group>";
		};
		1B6FFEFA2B61DFB6005B00EA = {
			isa = PBXGroup;
			children = (
				1B6FFF052B61DFB7005B00EA /* Habit */,
				1B6FFF042B61DFB7005B00EA /* Products */,
			);
			sourceTree = "<group>";
		};
		1B6FFF042B61DFB7005B00EA /* Products */ = {
			isa = PBXGroup;
			children = (
				1B6FFF032B61DFB7005B00EA /* Habit.app */,
			);
			name = Products;
			sourceTree = "<group>";
		};
		1B6FFF052B61DFB7005B00EA /* Habit */ = {
			isa = PBXGroup;
			children = (
				1B0249102B94EE3C0045C51A /* Common */,
				1B02490A2B94E6680045C51A /* SignUp */,
				1BD7E6A52B92485F00D2265B /* Home */,
				1BC589EF2B8E720100CF01D3 /* SignIn */,
				1B6FFF142B61E377005B00EA /* Splash */,
				1B6FFF062B61DFB7005B00EA /* HabitApp.swift */,
				1B6FFF0A2B61DFB8005B00EA /* Assets.xcassets */,
				1B6FFF0C2B61DFB8005B00EA /* Preview Content */,
			);
			path = Habit;
			sourceTree = "<group>";
		};
		1B6FFF0C2B61DFB8005B00EA /* Preview Content */ = {
			isa = PBXGroup;
			children = (
				1B6FFF0D2B61DFB8005B00EA /* Preview Assets.xcassets */,
			);
			path = "Preview Content";
			sourceTree = "<group>";
		};
		1B6FFF142B61E377005B00EA /* Splash */ = {
			isa = PBXGroup;
			children = (
				1B6FFF152B61E390005B00EA /* View */,
				1BC589EC2B8D44D300CF01D3 /* ViewModel */,
				1B6FFF162B61E397005B00EA /* Model */,
			);
			path = Splash;
			sourceTree = "<group>";
		};
		1B6FFF152B61E390005B00EA /* View */ = {
			isa = PBXGroup;
			children = (
				1B6FFF182B61E3C1005B00EA /* SplashView.swift */,
			);
			path = View;
			sourceTree = "<group>";
		};
		1B6FFF162B61E397005B00EA /* Model */ = {
			isa = PBXGroup;
			children = (
				1B6FFF1A2B61E4B6005B00EA /* SplashUIState.swift */,
			);
			path = Model;
			sourceTree = "<group>";
		};
		1BC589EC2B8D44D300CF01D3 /* ViewModel */ = {
			isa = PBXGroup;
			children = (
				1BC589ED2B8D44FB00CF01D3 /* SplashViewModel.swift */,
				1BC589F72B8E734C00CF01D3 /* SplashViewRouter.swift */,
			);
			path = ViewModel;
			sourceTree = "<group>";
		};
		1BC589EF2B8E720100CF01D3 /* SignIn */ = {
			isa = PBXGroup;
			children = (
				1BC589F22B8E722000CF01D3 /* View */,
				1BC589F02B8E720B00CF01D3 /* ViewModel */,
				1BC589F12B8E721700CF01D3 /* Model */,
			);
			path = SignIn;
			sourceTree = "<group>";
		};
		1BC589F02B8E720B00CF01D3 /* ViewModel */ = {
			isa = PBXGroup;
			children = (
				1BC589F52B8E729400CF01D3 /* SignInViewModel.swift */,
				1BD7E6A32B92480B00D2265B /* SignInViewRouter.swift */,
			);
			path = ViewModel;
			sourceTree = "<group>";
		};
		1BC589F12B8E721700CF01D3 /* Model */ = {
			isa = PBXGroup;
			children = (
				1B6DA7362B8FF747004D27EC /* SignInUIState.swift */,
			);
			path = Model;
			sourceTree = "<group>";
		};
		1BC589F22B8E722000CF01D3 /* View */ = {
			isa = PBXGroup;
			children = (
				1BC589F32B8E725000CF01D3 /* SignInView.swift */,
			);
			path = View;
			sourceTree = "<group>";
		};
		1BD7E6A52B92485F00D2265B /* Home */ = {
			isa = PBXGroup;
			children = (
				1BD7E6A82B92487D00D2265B /* View */,
				1BD7E6A72B92487300D2265B /* ViewModel */,
				1BD7E6A62B92486F00D2265B /* Model */,
			);
			path = Home;
			sourceTree = "<group>";
		};
		1BD7E6A62B92486F00D2265B /* Model */ = {
			isa = PBXGroup;
			children = (
			);
			path = Model;
			sourceTree = "<group>";
		};
		1BD7E6A72B92487300D2265B /* ViewModel */ = {
			isa = PBXGroup;
			children = (
				1BD7E6AB2B9248B100D2265B /* HomeViewModel.swift */,
			);
			path = ViewModel;
			sourceTree = "<group>";
		};
		1BD7E6A82B92487D00D2265B /* View */ = {
			isa = PBXGroup;
			children = (
				1BD7E6A92B92489200D2265B /* HomeView.swift */,
			);
			path = View;
			sourceTree = "<group>";
		};
/* End PBXGroup section */

/* Begin PBXNativeTarget section */
		1B6FFF022B61DFB6005B00EA /* Habit */ = {
			isa = PBXNativeTarget;
			buildConfigurationList = 1B6FFF112B61DFB8005B00EA /* Build configuration list for PBXNativeTarget "Habit" */;
			buildPhases = (
				1B6FFEFF2B61DFB6005B00EA /* Sources */,
				1B6FFF002B61DFB6005B00EA /* Frameworks */,
				1B6FFF012B61DFB6005B00EA /* Resources */,
			);
			buildRules = (
			);
			dependencies = (
			);
			name = Habit;
			productName = Habit;
			productReference = 1B6FFF032B61DFB7005B00EA /* Habit.app */;
			productType = "com.apple.product-type.application";
		};
/* End PBXNativeTarget section */

/* Begin PBXProject section */
		1B6FFEFB2B61DFB6005B00EA /* Project object */ = {
			isa = PBXProject;
			attributes = {
				BuildIndependentTargetsInParallel = 1;
				LastSwiftUpdateCheck = 1520;
				LastUpgradeCheck = 1520;
				TargetAttributes = {
					1B6FFF022B61DFB6005B00EA = {
						CreatedOnToolsVersion = 15.2;
					};
				};
			};
			buildConfigurationList = 1B6FFEFE2B61DFB6005B00EA /* Build configuration list for PBXProject "Habit" */;
			compatibilityVersion = "Xcode 14.0";
			developmentRegion = en;
			hasScannedForEncodings = 0;
			knownRegions = (
				en,
				Base,
			);
			mainGroup = 1B6FFEFA2B61DFB6005B00EA;
			productRefGroup = 1B6FFF042B61DFB7005B00EA /* Products */;
			projectDirPath = "";
			projectRoot = "";
			targets = (
				1B6FFF022B61DFB6005B00EA /* Habit */,
			);
		};
/* End PBXProject section */

/* Begin PBXResourcesBuildPhase section */
		1B6FFF012B61DFB6005B00EA /* Resources */ = {
			isa = PBXResourcesBuildPhase;
			buildActionMask = 2147483647;
			files = (
				1B6FFF0E2B61DFB8005B00EA /* Preview Assets.xcassets in Resources */,
				1B6FFF0B2B61DFB8005B00EA /* Assets.xcassets in Resources */,
			);
			runOnlyForDeploymentPostprocessing = 0;
		};
/* End PBXResourcesBuildPhase section */

/* Begin PBXSourcesBuildPhase section */
		1B6FFEFF2B61DFB6005B00EA /* Sources */ = {
			isa = PBXSourcesBuildPhase;
			buildActionMask = 2147483647;
			files = (
				1B6FFF1B2B61E4B6005B00EA /* SplashUIState.swift in Sources */,
				1BD7E6AC2B9248B100D2265B /* HomeViewModel.swift in Sources */,
				1B6FFF072B61DFB7005B00EA /* HabitApp.swift in Sources */,
				1B124E512B96A7BB00E7DF41 /* LoadingButtonView.swift in Sources */,
				1B124E4F2B96A4E300E7DF41 /* String+Extension.swift in Sources */,
				1B0249192B94F7B00045C51A /* SignUpViewRouter.swift in Sources */,
				1BC589F62B8E729400CF01D3 /* SignInViewModel.swift in Sources */,
				1B02490F2B94E6A20045C51A /* SignUpView.swift in Sources */,
				1BD7E6AA2B92489200D2265B /* HomeView.swift in Sources */,
				1BD7E6A42B92480B00D2265B /* SignInViewRouter.swift in Sources */,
				1B0249172B94F7070045C51A /* SignUpViewModel.swift in Sources */,
				1B0249152B94F6C20045C51A /* SignUpUIState.swift in Sources */,
				1B6FFF192B61E3C1005B00EA /* SplashView.swift in Sources */,
				1B0249132B94EE610045C51A /* Gender.swift in Sources */,
				1BC589EE2B8D44FB00CF01D3 /* SplashViewModel.swift in Sources */,
				1B6DA7372B8FF747004D27EC /* SignInUIState.swift in Sources */,
				1B124E4C2B96940400E7DF41 /* CustomTextFieldStyle.swift in Sources */,
				1B4E9D4E2B96863300C2C461 /* EditTextView.swift in Sources */,
				1BC589F82B8E734C00CF01D3 /* SplashViewRouter.swift in Sources */,
				1BC589F42B8E725000CF01D3 /* SignInView.swift in Sources */,
			);
			runOnlyForDeploymentPostprocessing = 0;
		};
/* End PBXSourcesBuildPhase section */

/* Begin XCBuildConfiguration section */
		1B6FFF0F2B61DFB8005B00EA /* Debug */ = {
			isa = XCBuildConfiguration;
			buildSettings = {
				ALWAYS_SEARCH_USER_PATHS = NO;
				ASSETCATALOG_COMPILER_GENERATE_SWIFT_ASSET_SYMBOL_EXTENSIONS = YES;
				CLANG_ANALYZER_NONNULL = YES;
				CLANG_ANALYZER_NUMBER_OBJECT_CONVERSION = YES_AGGRESSIVE;
				CLANG_CXX_LANGUAGE_STANDARD = "gnu++20";
				CLANG_ENABLE_MODULES = YES;
				CLANG_ENABLE_OBJC_ARC = YES;
				CLANG_ENABLE_OBJC_WEAK = YES;
				CLANG_WARN_BLOCK_CAPTURE_AUTORELEASING = YES;
				CLANG_WARN_BOOL_CONVERSION = YES;
				CLANG_WARN_COMMA = YES;
				CLANG_WARN_CONSTANT_CONVERSION = YES;
				CLANG_WARN_DEPRECATED_OBJC_IMPLEMENTATIONS = YES;
				CLANG_WARN_DIRECT_OBJC_ISA_USAGE = YES_ERROR;
				CLANG_WARN_DOCUMENTATION_COMMENTS = YES;
				CLANG_WARN_EMPTY_BODY = YES;
				CLANG_WARN_ENUM_CONVERSION = YES;
				CLANG_WARN_INFINITE_RECURSION = YES;
				CLANG_WARN_INT_CONVERSION = YES;
				CLANG_WARN_NON_LITERAL_NULL_CONVERSION = YES;
				CLANG_WARN_OBJC_IMPLICIT_RETAIN_SELF = YES;
				CLANG_WARN_OBJC_LITERAL_CONVERSION = YES;
				CLANG_WARN_OBJC_ROOT_CLASS = YES_ERROR;
				CLANG_WARN_QUOTED_INCLUDE_IN_FRAMEWORK_HEADER = YES;
				CLANG_WARN_RANGE_LOOP_ANALYSIS = YES;
				CLANG_WARN_STRICT_PROTOTYPES = YES;
				CLANG_WARN_SUSPICIOUS_MOVE = YES;
				CLANG_WARN_UNGUARDED_AVAILABILITY = YES_AGGRESSIVE;
				CLANG_WARN_UNREACHABLE_CODE = YES;
				CLANG_WARN__DUPLICATE_METHOD_MATCH = YES;
				COPY_PHASE_STRIP = NO;
				DEBUG_INFORMATION_FORMAT = dwarf;
				ENABLE_STRICT_OBJC_MSGSEND = YES;
				ENABLE_TESTABILITY = YES;
				ENABLE_USER_SCRIPT_SANDBOXING = YES;
				GCC_C_LANGUAGE_STANDARD = gnu17;
				GCC_DYNAMIC_NO_PIC = NO;
				GCC_NO_COMMON_BLOCKS = YES;
				GCC_OPTIMIZATION_LEVEL = 0;
				GCC_PREPROCESSOR_DEFINITIONS = (
					"DEBUG=1",
					"$(inherited)",
				);
				GCC_WARN_64_TO_32_BIT_CONVERSION = YES;
				GCC_WARN_ABOUT_RETURN_TYPE = YES_ERROR;
				GCC_WARN_UNDECLARED_SELECTOR = YES;
				GCC_WARN_UNINITIALIZED_AUTOS = YES_AGGRESSIVE;
				GCC_WARN_UNUSED_FUNCTION = YES;
				GCC_WARN_UNUSED_VARIABLE = YES;
				IPHONEOS_DEPLOYMENT_TARGET = 17.2;
				LOCALIZATION_PREFERS_STRING_CATALOGS = YES;
				MTL_ENABLE_DEBUG_INFO = INCLUDE_SOURCE;
				MTL_FAST_MATH = YES;
				ONLY_ACTIVE_ARCH = YES;
				SDKROOT = iphoneos;
				SWIFT_ACTIVE_COMPILATION_CONDITIONS = "DEBUG $(inherited)";
				SWIFT_OPTIMIZATION_LEVEL = "-Onone";
			};
			name = Debug;
		};
		1B6FFF102B61DFB8005B00EA /* Release */ = {
			isa = XCBuildConfiguration;
			buildSettings = {
				ALWAYS_SEARCH_USER_PATHS = NO;
				ASSETCATALOG_COMPILER_GENERATE_SWIFT_ASSET_SYMBOL_EXTENSIONS = YES;
				CLANG_ANALYZER_NONNULL = YES;
				CLANG_ANALYZER_NUMBER_OBJECT_CONVERSION = YES_AGGRESSIVE;
				CLANG_CXX_LANGUAGE_STANDARD = "gnu++20";
				CLANG_ENABLE_MODULES = YES;
				CLANG_ENABLE_OBJC_ARC = YES;
				CLANG_ENABLE_OBJC_WEAK = YES;
				CLANG_WARN_BLOCK_CAPTURE_AUTORELEASING = YES;
				CLANG_WARN_BOOL_CONVERSION = YES;
				CLANG_WARN_COMMA = YES;
				CLANG_WARN_CONSTANT_CONVERSION = YES;
				CLANG_WARN_DEPRECATED_OBJC_IMPLEMENTATIONS = YES;
				CLANG_WARN_DIRECT_OBJC_ISA_USAGE = YES_ERROR;
				CLANG_WARN_DOCUMENTATION_COMMENTS = YES;
				CLANG_WARN_EMPTY_BODY = YES;
				CLANG_WARN_ENUM_CONVERSION = YES;
				CLANG_WARN_INFINITE_RECURSION = YES;
				CLANG_WARN_INT_CONVERSION = YES;
				CLANG_WARN_NON_LITERAL_NULL_CONVERSION = YES;
				CLANG_WARN_OBJC_IMPLICIT_RETAIN_SELF = YES;
				CLANG_WARN_OBJC_LITERAL_CONVERSION = YES;
				CLANG_WARN_OBJC_ROOT_CLASS = YES_ERROR;
				CLANG_WARN_QUOTED_INCLUDE_IN_FRAMEWORK_HEADER = YES;
				CLANG_WARN_RANGE_LOOP_ANALYSIS = YES;
				CLANG_WARN_STRICT_PROTOTYPES = YES;
				CLANG_WARN_SUSPICIOUS_MOVE = YES;
				CLANG_WARN_UNGUARDED_AVAILABILITY = YES_AGGRESSIVE;
				CLANG_WARN_UNREACHABLE_CODE = YES;
				CLANG_WARN__DUPLICATE_METHOD_MATCH = YES;
				COPY_PHASE_STRIP = NO;
				DEBUG_INFORMATION_FORMAT = "dwarf-with-dsym";
				ENABLE_NS_ASSERTIONS = NO;
				ENABLE_STRICT_OBJC_MSGSEND = YES;
				ENABLE_USER_SCRIPT_SANDBOXING = YES;
				GCC_C_LANGUAGE_STANDARD = gnu17;
				GCC_NO_COMMON_BLOCKS = YES;
				GCC_WARN_64_TO_32_BIT_CONVERSION = YES;
				GCC_WARN_ABOUT_RETURN_TYPE = YES_ERROR;
				GCC_WARN_UNDECLARED_SELECTOR = YES;
				GCC_WARN_UNINITIALIZED_AUTOS = YES_AGGRESSIVE;
				GCC_WARN_UNUSED_FUNCTION = YES;
				GCC_WARN_UNUSED_VARIABLE = YES;
				IPHONEOS_DEPLOYMENT_TARGET = 17.2;
				LOCALIZATION_PREFERS_STRING_CATALOGS = YES;
				MTL_ENABLE_DEBUG_INFO = NO;
				MTL_FAST_MATH = YES;
				SDKROOT = iphoneos;
				SWIFT_COMPILATION_MODE = wholemodule;
				VALIDATE_PRODUCT = YES;
			};
			name = Release;
		};
		1B6FFF122B61DFB8005B00EA /* Debug */ = {
			isa = XCBuildConfiguration;
			buildSettings = {
				ASSETCATALOG_COMPILER_APPICON_NAME = AppIcon;
				ASSETCATALOG_COMPILER_GLOBAL_ACCENT_COLOR_NAME = AccentColor;
				CODE_SIGN_STYLE = Automatic;
				CURRENT_PROJECT_VERSION = 1;
				DEVELOPMENT_ASSET_PATHS = "\"Habit/Preview Content\"";
				ENABLE_PREVIEWS = YES;
				GENERATE_INFOPLIST_FILE = YES;
				INFOPLIST_KEY_UIApplicationSceneManifest_Generation = YES;
				INFOPLIST_KEY_UIApplicationSupportsIndirectInputEvents = YES;
				INFOPLIST_KEY_UILaunchScreen_Generation = YES;
				INFOPLIST_KEY_UISupportedInterfaceOrientations_iPad = "UIInterfaceOrientationPortrait UIInterfaceOrientationPortraitUpsideDown UIInterfaceOrientationLandscapeLeft UIInterfaceOrientationLandscapeRight";
				INFOPLIST_KEY_UISupportedInterfaceOrientations_iPhone = "UIInterfaceOrientationPortrait UIInterfaceOrientationLandscapeLeft UIInterfaceOrientationLandscapeRight";
				IPHONEOS_DEPLOYMENT_TARGET = 17.2;
				LD_RUNPATH_SEARCH_PATHS = (
					"$(inherited)",
					"@executable_path/Frameworks",
				);
				MARKETING_VERSION = 1.0;
				PRODUCT_BUNDLE_IDENTIFIER = "swiftUI-teste.Habit";
				PRODUCT_NAME = "$(TARGET_NAME)";
				SWIFT_EMIT_LOC_STRINGS = YES;
				SWIFT_VERSION = 5.0;
				TARGETED_DEVICE_FAMILY = "1,2";
			};
			name = Debug;
		};
		1B6FFF132B61DFB8005B00EA /* Release */ = {
			isa = XCBuildConfiguration;
			buildSettings = {
				ASSETCATALOG_COMPILER_APPICON_NAME = AppIcon;
				ASSETCATALOG_COMPILER_GLOBAL_ACCENT_COLOR_NAME = AccentColor;
				CODE_SIGN_STYLE = Automatic;
				CURRENT_PROJECT_VERSION = 1;
				DEVELOPMENT_ASSET_PATHS = "\"Habit/Preview Content\"";
				ENABLE_PREVIEWS = YES;
				GENERATE_INFOPLIST_FILE = YES;
				INFOPLIST_KEY_UIApplicationSceneManifest_Generation = YES;
				INFOPLIST_KEY_UIApplicationSupportsIndirectInputEvents = YES;
				INFOPLIST_KEY_UILaunchScreen_Generation = YES;
				INFOPLIST_KEY_UISupportedInterfaceOrientations_iPad = "UIInterfaceOrientationPortrait UIInterfaceOrientationPortraitUpsideDown UIInterfaceOrientationLandscapeLeft UIInterfaceOrientationLandscapeRight";
				INFOPLIST_KEY_UISupportedInterfaceOrientations_iPhone = "UIInterfaceOrientationPortrait UIInterfaceOrientationLandscapeLeft UIInterfaceOrientationLandscapeRight";
				IPHONEOS_DEPLOYMENT_TARGET = 17.2;
				LD_RUNPATH_SEARCH_PATHS = (
					"$(inherited)",
					"@executable_path/Frameworks",
				);
				MARKETING_VERSION = 1.0;
				PRODUCT_BUNDLE_IDENTIFIER = "swiftUI-teste.Habit";
				PRODUCT_NAME = "$(TARGET_NAME)";
				SWIFT_EMIT_LOC_STRINGS = YES;
				SWIFT_VERSION = 5.0;
				TARGETED_DEVICE_FAMILY = "1,2";
			};
			name = Release;
		};
/* End XCBuildConfiguration section */

/* Begin XCConfigurationList section */
		1B6FFEFE2B61DFB6005B00EA /* Build configuration list for PBXProject "Habit" */ = {
			isa = XCConfigurationList;
			buildConfigurations = (
				1B6FFF0F2B61DFB8005B00EA /* Debug */,
				1B6FFF102B61DFB8005B00EA /* Release */,
			);
			defaultConfigurationIsVisible = 0;
			defaultConfigurationName = Release;
		};
		1B6FFF112B61DFB8005B00EA /* Build configuration list for PBXNativeTarget "Habit" */ = {
			isa = XCConfigurationList;
			buildConfigurations = (
				1B6FFF122B61DFB8005B00EA /* Debug */,
				1B6FFF132B61DFB8005B00EA /* Release */,
			);
			defaultConfigurationIsVisible = 0;
			defaultConfigurationName = Release;
		};
/* End XCConfigurationList section */
	};
	rootObject = 1B6FFEFB2B61DFB6005B00EA /* Project object */;
}
